// !$*UTF8*$!
{
	archiveVersion = 1;
	classes = {
	};
	objectVersion = 56;
	objects = {

/* Begin PBXBuildFile section */
		1630D3CB2BE4C00F00A59A82 /* AppDelegate.swift in Sources */ = {isa = PBXBuildFile; fileRef = 1630D3CA2BE4C00F00A59A82 /* AppDelegate.swift */; };
		1630D3CD2BE4C00F00A59A82 /* SceneDelegate.swift in Sources */ = {isa = PBXBuildFile; fileRef = 1630D3CC2BE4C00F00A59A82 /* SceneDelegate.swift */; };
		1630D3CF2BE4C00F00A59A82 /* TrackersViewController.swift in Sources */ = {isa = PBXBuildFile; fileRef = 1630D3CE2BE4C00F00A59A82 /* TrackersViewController.swift */; };
		1630D3D42BE4C01300A59A82 /* Assets.xcassets in Resources */ = {isa = PBXBuildFile; fileRef = 1630D3D32BE4C01300A59A82 /* Assets.xcassets */; };
		1630D3D72BE4C01300A59A82 /* Base in Resources */ = {isa = PBXBuildFile; fileRef = 1630D3D62BE4C01300A59A82 /* Base */; };
		16818AB92BED22A90025D5D4 /* StubView.swift in Sources */ = {isa = PBXBuildFile; fileRef = 16818AB82BED22A90025D5D4 /* StubView.swift */; };
		16818ABB2BED27FC0025D5D4 /* TrackersNavigationController.swift in Sources */ = {isa = PBXBuildFile; fileRef = 16818ABA2BED27FC0025D5D4 /* TrackersNavigationController.swift */; };
		16818ABD2BED339B0025D5D4 /* TrackersNavigationControllerDelegate.swift in Sources */ = {isa = PBXBuildFile; fileRef = 16818ABC2BED339A0025D5D4 /* TrackersNavigationControllerDelegate.swift */; };
		16818AC12BED6CA10025D5D4 /* NewTrackerViewController.swift in Sources */ = {isa = PBXBuildFile; fileRef = 16818AC02BED6CA10025D5D4 /* NewTrackerViewController.swift */; };
		16818AC32BED798F0025D5D4 /* NewHabitOrEventViewController.swift in Sources */ = {isa = PBXBuildFile; fileRef = 16818AC22BED798F0025D5D4 /* NewHabitOrEventViewController.swift */; };
		16818AC62BED7D490025D5D4 /* InputFieldTableViewCell.swift in Sources */ = {isa = PBXBuildFile; fileRef = 16818AC52BED7D490025D5D4 /* InputFieldTableViewCell.swift */; };
		16AFE79A2BE6517700F4FDFF /* TabBarViewController.swift in Sources */ = {isa = PBXBuildFile; fileRef = 16AFE7992BE6517700F4FDFF /* TabBarViewController.swift */; };
		16AFE79D2BE654D600F4FDFF /* StatisticViewController.swift in Sources */ = {isa = PBXBuildFile; fileRef = 16AFE79C2BE654D600F4FDFF /* StatisticViewController.swift */; };
		16AFE7A12BE6559F00F4FDFF /* Resources.swift in Sources */ = {isa = PBXBuildFile; fileRef = 16AFE7A02BE6559F00F4FDFF /* Resources.swift */; };
		16AFE7CA2BEBEDA200F4FDFF /* Tracker.swift in Sources */ = {isa = PBXBuildFile; fileRef = 16AFE7C92BEBEDA200F4FDFF /* Tracker.swift */; };
		16AFE7CD2BEBF08A00F4FDFF /* TrackerCategory.swift in Sources */ = {isa = PBXBuildFile; fileRef = 16AFE7CC2BEBF08A00F4FDFF /* TrackerCategory.swift */; };
		16AFE7CF2BEBF0DC00F4FDFF /* TrackerRecord.swift in Sources */ = {isa = PBXBuildFile; fileRef = 16AFE7CE2BEBF0DC00F4FDFF /* TrackerRecord.swift */; };
		16F659252BEE5F3300DA7164 /* HabitAndEventTableViewHelper.swift in Sources */ = {isa = PBXBuildFile; fileRef = 16F659242BEE5F3300DA7164 /* HabitAndEventTableViewHelper.swift */; };
		16F659282BEE8B1100DA7164 /* TrackerType.swift in Sources */ = {isa = PBXBuildFile; fileRef = 16F659272BEE8B1100DA7164 /* TrackerType.swift */; };
		16F6592B2BEE99CB00DA7164 /* TimetableViewController.swift in Sources */ = {isa = PBXBuildFile; fileRef = 16F6592A2BEE99CB00DA7164 /* TimetableViewController.swift */; };
		16F6592D2BEE9C7400DA7164 /* BasicLargeButton.swift in Sources */ = {isa = PBXBuildFile; fileRef = 16F6592C2BEE9C7400DA7164 /* BasicLargeButton.swift */; };
		16F659302BEEA4E100DA7164 /* HabitAndEventTableViewDelegate.swift in Sources */ = {isa = PBXBuildFile; fileRef = 16F6592F2BEEA4E100DA7164 /* HabitAndEventTableViewDelegate.swift */; };
/* End PBXBuildFile section */

/* Begin PBXFileReference section */
		1630D3C72BE4C00F00A59A82 /* Tracker.app */ = {isa = PBXFileReference; explicitFileType = wrapper.application; includeInIndex = 0; path = Tracker.app; sourceTree = BUILT_PRODUCTS_DIR; };
		1630D3CA2BE4C00F00A59A82 /* AppDelegate.swift */ = {isa = PBXFileReference; lastKnownFileType = sourcecode.swift; path = AppDelegate.swift; sourceTree = "<group>"; };
		1630D3CC2BE4C00F00A59A82 /* SceneDelegate.swift */ = {isa = PBXFileReference; lastKnownFileType = sourcecode.swift; path = SceneDelegate.swift; sourceTree = "<group>"; };
		1630D3CE2BE4C00F00A59A82 /* TrackersViewController.swift */ = {isa = PBXFileReference; lastKnownFileType = sourcecode.swift; path = TrackersViewController.swift; sourceTree = "<group>"; };
		1630D3D32BE4C01300A59A82 /* Assets.xcassets */ = {isa = PBXFileReference; lastKnownFileType = folder.assetcatalog; path = Assets.xcassets; sourceTree = "<group>"; };
		1630D3D62BE4C01300A59A82 /* Base */ = {isa = PBXFileReference; lastKnownFileType = file.storyboard; name = Base; path = Base.lproj/LaunchScreen.storyboard; sourceTree = "<group>"; };
		1630D3D82BE4C01300A59A82 /* Info.plist */ = {isa = PBXFileReference; lastKnownFileType = text.plist.xml; path = Info.plist; sourceTree = "<group>"; };
		16818AB82BED22A90025D5D4 /* StubView.swift */ = {isa = PBXFileReference; lastKnownFileType = sourcecode.swift; path = StubView.swift; sourceTree = "<group>"; };
		16818ABA2BED27FC0025D5D4 /* TrackersNavigationController.swift */ = {isa = PBXFileReference; lastKnownFileType = sourcecode.swift; path = TrackersNavigationController.swift; sourceTree = "<group>"; };
		16818ABC2BED339A0025D5D4 /* TrackersNavigationControllerDelegate.swift */ = {isa = PBXFileReference; lastKnownFileType = sourcecode.swift; path = TrackersNavigationControllerDelegate.swift; sourceTree = "<group>"; };
		16818AC02BED6CA10025D5D4 /* NewTrackerViewController.swift */ = {isa = PBXFileReference; lastKnownFileType = sourcecode.swift; path = NewTrackerViewController.swift; sourceTree = "<group>"; };
		16818AC22BED798F0025D5D4 /* NewHabitOrEventViewController.swift */ = {isa = PBXFileReference; lastKnownFileType = sourcecode.swift; path = NewHabitOrEventViewController.swift; sourceTree = "<group>"; };
		16818AC52BED7D490025D5D4 /* InputFieldTableViewCell.swift */ = {isa = PBXFileReference; lastKnownFileType = sourcecode.swift; path = InputFieldTableViewCell.swift; sourceTree = "<group>"; };
		16AFE7992BE6517700F4FDFF /* TabBarViewController.swift */ = {isa = PBXFileReference; lastKnownFileType = sourcecode.swift; path = TabBarViewController.swift; sourceTree = "<group>"; };
		16AFE79C2BE654D600F4FDFF /* StatisticViewController.swift */ = {isa = PBXFileReference; lastKnownFileType = sourcecode.swift; path = StatisticViewController.swift; sourceTree = "<group>"; };
		16AFE7A02BE6559F00F4FDFF /* Resources.swift */ = {isa = PBXFileReference; lastKnownFileType = sourcecode.swift; path = Resources.swift; sourceTree = "<group>"; };
		16AFE7C92BEBEDA200F4FDFF /* Tracker.swift */ = {isa = PBXFileReference; lastKnownFileType = sourcecode.swift; path = Tracker.swift; sourceTree = "<group>"; };
		16AFE7CC2BEBF08A00F4FDFF /* TrackerCategory.swift */ = {isa = PBXFileReference; lastKnownFileType = sourcecode.swift; path = TrackerCategory.swift; sourceTree = "<group>"; };
		16AFE7CE2BEBF0DC00F4FDFF /* TrackerRecord.swift */ = {isa = PBXFileReference; lastKnownFileType = sourcecode.swift; path = TrackerRecord.swift; sourceTree = "<group>"; };
		16F659242BEE5F3300DA7164 /* HabitAndEventTableViewHelper.swift */ = {isa = PBXFileReference; lastKnownFileType = sourcecode.swift; path = HabitAndEventTableViewHelper.swift; sourceTree = "<group>"; };
		16F659272BEE8B1100DA7164 /* TrackerType.swift */ = {isa = PBXFileReference; lastKnownFileType = sourcecode.swift; path = TrackerType.swift; sourceTree = "<group>"; };
		16F6592A2BEE99CB00DA7164 /* TimetableViewController.swift */ = {isa = PBXFileReference; lastKnownFileType = sourcecode.swift; path = TimetableViewController.swift; sourceTree = "<group>"; };
		16F6592C2BEE9C7400DA7164 /* BasicLargeButton.swift */ = {isa = PBXFileReference; lastKnownFileType = sourcecode.swift; path = BasicLargeButton.swift; sourceTree = "<group>"; };
		16F6592F2BEEA4E100DA7164 /* HabitAndEventTableViewDelegate.swift */ = {isa = PBXFileReference; lastKnownFileType = sourcecode.swift; path = HabitAndEventTableViewDelegate.swift; sourceTree = "<group>"; };
/* End PBXFileReference section */

/* Begin PBXFrameworksBuildPhase section */
		1630D3C42BE4C00F00A59A82 /* Frameworks */ = {
			isa = PBXFrameworksBuildPhase;
			buildActionMask = 2147483647;
			files = (
			);
			runOnlyForDeploymentPostprocessing = 0;
		};
/* End PBXFrameworksBuildPhase section */

/* Begin PBXGroup section */
		1630D3BE2BE4C00F00A59A82 = {
			isa = PBXGroup;
			children = (
				1630D3C92BE4C00F00A59A82 /* Tracker */,
				1630D3C82BE4C00F00A59A82 /* Products */,
			);
			sourceTree = "<group>";
		};
		1630D3C82BE4C00F00A59A82 /* Products */ = {
			isa = PBXGroup;
			children = (
				1630D3C72BE4C00F00A59A82 /* Tracker.app */,
			);
			name = Products;
			sourceTree = "<group>";
		};
		1630D3C92BE4C00F00A59A82 /* Tracker */ = {
			isa = PBXGroup;
			children = (
				1630D3CA2BE4C00F00A59A82 /* AppDelegate.swift */,
				1630D3CC2BE4C00F00A59A82 /* SceneDelegate.swift */,
				16F6592E2BEE9DC700DA7164 /* Views */,
				16AFE79E2BE6551B00F4FDFF /* Trackers */,
				16818ABF2BED6C5B0025D5D4 /* TrackerCreation */,
				16AFE79F2BE6553100F4FDFF /* Statistic */,
				16AFE79B2BE6517C00F4FDFF /* TabBar */,
				16AFE7982BE64E5900F4FDFF /* Resources */,
			);
			path = Tracker;
			sourceTree = "<group>";
		};
		16818ABE2BED36C10025D5D4 /* Protocols */ = {
			isa = PBXGroup;
			children = (
				16818ABC2BED339A0025D5D4 /* TrackersNavigationControllerDelegate.swift */,
			);
			path = Protocols;
			sourceTree = "<group>";
		};
		16818ABF2BED6C5B0025D5D4 /* TrackerCreation */ = {
			isa = PBXGroup;
			children = (
				16818AC42BED7D270025D5D4 /* Views */,
				16F659292BEE990C00DA7164 /* Controllers */,
				16F659262BEE63C200DA7164 /* Helpers */,
				16F659312BEEA56200DA7164 /* Protocols */,
			);
			path = TrackerCreation;
			sourceTree = "<group>";
		};
		16818AC42BED7D270025D5D4 /* Views */ = {
			isa = PBXGroup;
			children = (
				16818AC52BED7D490025D5D4 /* InputFieldTableViewCell.swift */,
			);
			path = Views;
			sourceTree = "<group>";
		};
		16AFE7982BE64E5900F4FDFF /* Resources */ = {
			isa = PBXGroup;
			children = (
				16AFE7A02BE6559F00F4FDFF /* Resources.swift */,
				1630D3D32BE4C01300A59A82 /* Assets.xcassets */,
				1630D3D52BE4C01300A59A82 /* LaunchScreen.storyboard */,
				1630D3D82BE4C01300A59A82 /* Info.plist */,
			);
			path = Resources;
			sourceTree = "<group>";
		};
		16AFE79B2BE6517C00F4FDFF /* TabBar */ = {
			isa = PBXGroup;
			children = (
				16AFE7992BE6517700F4FDFF /* TabBarViewController.swift */,
			);
			path = TabBar;
			sourceTree = "<group>";
		};
		16AFE79E2BE6551B00F4FDFF /* Trackers */ = {
			isa = PBXGroup;
			children = (
				16818ABE2BED36C10025D5D4 /* Protocols */,
				16AFE7CB2BEBF05600F4FDFF /* Models */,
				16AFE7A22BE8E97400F4FDFF /* Views */,
				1630D3CE2BE4C00F00A59A82 /* TrackersViewController.swift */,
			);
			path = Trackers;
			sourceTree = "<group>";
		};
		16AFE79F2BE6553100F4FDFF /* Statistic */ = {
			isa = PBXGroup;
			children = (
				16AFE79C2BE654D600F4FDFF /* StatisticViewController.swift */,
			);
			path = Statistic;
			sourceTree = "<group>";
		};
		16AFE7A22BE8E97400F4FDFF /* Views */ = {
			isa = PBXGroup;
			children = (
				16818AB82BED22A90025D5D4 /* StubView.swift */,
				16818ABA2BED27FC0025D5D4 /* TrackersNavigationController.swift */,
			);
			path = Views;
			sourceTree = "<group>";
		};
		16AFE7CB2BEBF05600F4FDFF /* Models */ = {
			isa = PBXGroup;
			children = (
				16AFE7C92BEBEDA200F4FDFF /* Tracker.swift */,
				16AFE7CC2BEBF08A00F4FDFF /* TrackerCategory.swift */,
				16AFE7CE2BEBF0DC00F4FDFF /* TrackerRecord.swift */,
			);
			path = Models;
			sourceTree = "<group>";
		};
		16F659262BEE63C200DA7164 /* Helpers */ = {
			isa = PBXGroup;
			children = (
				16F659272BEE8B1100DA7164 /* TrackerType.swift */,
				16F659242BEE5F3300DA7164 /* HabitAndEventTableViewHelper.swift */,
			);
			path = Helpers;
			sourceTree = "<group>";
		};
		16F659292BEE990C00DA7164 /* Controllers */ = {
			isa = PBXGroup;
			children = (
				16818AC02BED6CA10025D5D4 /* NewTrackerViewController.swift */,
				16818AC22BED798F0025D5D4 /* NewHabitOrEventViewController.swift */,
				16F6592A2BEE99CB00DA7164 /* TimetableViewController.swift */,
			);
			path = Controllers;
			sourceTree = "<group>";
		};
		16F6592E2BEE9DC700DA7164 /* Views */ = {
			isa = PBXGroup;
			children = (
				16F6592C2BEE9C7400DA7164 /* BasicLargeButton.swift */,
			);
			path = Views;
			sourceTree = "<group>";
		};
		16F659312BEEA56200DA7164 /* Protocols */ = {
			isa = PBXGroup;
			children = (
				16F6592F2BEEA4E100DA7164 /* HabitAndEventTableViewDelegate.swift */,
			);
			path = Protocols;
			sourceTree = "<group>";
		};
/* End PBXGroup section */

/* Begin PBXNativeTarget section */
		1630D3C62BE4C00F00A59A82 /* Tracker */ = {
			isa = PBXNativeTarget;
			buildConfigurationList = 1630D3DB2BE4C01300A59A82 /* Build configuration list for PBXNativeTarget "Tracker" */;
			buildPhases = (
				1630D3C32BE4C00F00A59A82 /* Sources */,
				1630D3C42BE4C00F00A59A82 /* Frameworks */,
				1630D3C52BE4C00F00A59A82 /* Resources */,
			);
			buildRules = (
			);
			dependencies = (
			);
			name = Tracker;
			productName = Tracker;
			productReference = 1630D3C72BE4C00F00A59A82 /* Tracker.app */;
			productType = "com.apple.product-type.application";
		};
/* End PBXNativeTarget section */

/* Begin PBXProject section */
		1630D3BF2BE4C00F00A59A82 /* Project object */ = {
			isa = PBXProject;
			attributes = {
				BuildIndependentTargetsInParallel = 1;
				LastSwiftUpdateCheck = 1530;
				LastUpgradeCheck = 1530;
				TargetAttributes = {
					1630D3C62BE4C00F00A59A82 = {
						CreatedOnToolsVersion = 15.3;
					};
				};
			};
			buildConfigurationList = 1630D3C22BE4C00F00A59A82 /* Build configuration list for PBXProject "Tracker" */;
			compatibilityVersion = "Xcode 14.0";
			developmentRegion = en;
			hasScannedForEncodings = 0;
			knownRegions = (
				en,
				Base,
			);
			mainGroup = 1630D3BE2BE4C00F00A59A82;
			productRefGroup = 1630D3C82BE4C00F00A59A82 /* Products */;
			projectDirPath = "";
			projectRoot = "";
			targets = (
				1630D3C62BE4C00F00A59A82 /* Tracker */,
			);
		};
/* End PBXProject section */

/* Begin PBXResourcesBuildPhase section */
		1630D3C52BE4C00F00A59A82 /* Resources */ = {
			isa = PBXResourcesBuildPhase;
			buildActionMask = 2147483647;
			files = (
				1630D3D42BE4C01300A59A82 /* Assets.xcassets in Resources */,
				1630D3D72BE4C01300A59A82 /* Base in Resources */,
			);
			runOnlyForDeploymentPostprocessing = 0;
		};
/* End PBXResourcesBuildPhase section */

/* Begin PBXSourcesBuildPhase section */
		1630D3C32BE4C00F00A59A82 /* Sources */ = {
			isa = PBXSourcesBuildPhase;
			buildActionMask = 2147483647;
			files = (
				16AFE7CD2BEBF08A00F4FDFF /* TrackerCategory.swift in Sources */,
				16F659252BEE5F3300DA7164 /* HabitAndEventTableViewHelper.swift in Sources */,
				16818ABD2BED339B0025D5D4 /* TrackersNavigationControllerDelegate.swift in Sources */,
				16F659282BEE8B1100DA7164 /* TrackerType.swift in Sources */,
				16818AC12BED6CA10025D5D4 /* NewTrackerViewController.swift in Sources */,
				16AFE79A2BE6517700F4FDFF /* TabBarViewController.swift in Sources */,
				1630D3CF2BE4C00F00A59A82 /* TrackersViewController.swift in Sources */,
				1630D3CB2BE4C00F00A59A82 /* AppDelegate.swift in Sources */,
				16AFE7CF2BEBF0DC00F4FDFF /* TrackerRecord.swift in Sources */,
				16818ABB2BED27FC0025D5D4 /* TrackersNavigationController.swift in Sources */,
				16AFE7CA2BEBEDA200F4FDFF /* Tracker.swift in Sources */,
				16AFE79D2BE654D600F4FDFF /* StatisticViewController.swift in Sources */,
				16818AB92BED22A90025D5D4 /* StubView.swift in Sources */,
				16F6592D2BEE9C7400DA7164 /* BasicLargeButton.swift in Sources */,
				16F659302BEEA4E100DA7164 /* HabitAndEventTableViewDelegate.swift in Sources */,
				1630D3CD2BE4C00F00A59A82 /* SceneDelegate.swift in Sources */,
				16AFE7A12BE6559F00F4FDFF /* Resources.swift in Sources */,
				16818AC32BED798F0025D5D4 /* NewHabitOrEventViewController.swift in Sources */,
				16F6592B2BEE99CB00DA7164 /* TimetableViewController.swift in Sources */,
				16818AC62BED7D490025D5D4 /* InputFieldTableViewCell.swift in Sources */,
			);
			runOnlyForDeploymentPostprocessing = 0;
		};
/* End PBXSourcesBuildPhase section */

/* Begin PBXVariantGroup section */
		1630D3D52BE4C01300A59A82 /* LaunchScreen.storyboard */ = {
			isa = PBXVariantGroup;
			children = (
				1630D3D62BE4C01300A59A82 /* Base */,
			);
			name = LaunchScreen.storyboard;
			sourceTree = "<group>";
		};
/* End PBXVariantGroup section */

/* Begin XCBuildConfiguration section */
		1630D3D92BE4C01300A59A82 /* Debug */ = {
			isa = XCBuildConfiguration;
			buildSettings = {
				ALWAYS_SEARCH_USER_PATHS = NO;
				ASSETCATALOG_COMPILER_GENERATE_SWIFT_ASSET_SYMBOL_EXTENSIONS = YES;
				CLANG_ANALYZER_NONNULL = YES;
				CLANG_ANALYZER_NUMBER_OBJECT_CONVERSION = YES_AGGRESSIVE;
				CLANG_CXX_LANGUAGE_STANDARD = "gnu++20";
				CLANG_ENABLE_MODULES = YES;
				CLANG_ENABLE_OBJC_ARC = YES;
				CLANG_ENABLE_OBJC_WEAK = YES;
				CLANG_WARN_BLOCK_CAPTURE_AUTORELEASING = YES;
				CLANG_WARN_BOOL_CONVERSION = YES;
				CLANG_WARN_COMMA = YES;
				CLANG_WARN_CONSTANT_CONVERSION = YES;
				CLANG_WARN_DEPRECATED_OBJC_IMPLEMENTATIONS = YES;
				CLANG_WARN_DIRECT_OBJC_ISA_USAGE = YES_ERROR;
				CLANG_WARN_DOCUMENTATION_COMMENTS = YES;
				CLANG_WARN_EMPTY_BODY = YES;
				CLANG_WARN_ENUM_CONVERSION = YES;
				CLANG_WARN_INFINITE_RECURSION = YES;
				CLANG_WARN_INT_CONVERSION = YES;
				CLANG_WARN_NON_LITERAL_NULL_CONVERSION = YES;
				CLANG_WARN_OBJC_IMPLICIT_RETAIN_SELF = YES;
				CLANG_WARN_OBJC_LITERAL_CONVERSION = YES;
				CLANG_WARN_OBJC_ROOT_CLASS = YES_ERROR;
				CLANG_WARN_QUOTED_INCLUDE_IN_FRAMEWORK_HEADER = YES;
				CLANG_WARN_RANGE_LOOP_ANALYSIS = YES;
				CLANG_WARN_STRICT_PROTOTYPES = YES;
				CLANG_WARN_SUSPICIOUS_MOVE = YES;
				CLANG_WARN_UNGUARDED_AVAILABILITY = YES_AGGRESSIVE;
				CLANG_WARN_UNREACHABLE_CODE = YES;
				CLANG_WARN__DUPLICATE_METHOD_MATCH = YES;
				COPY_PHASE_STRIP = NO;
				DEBUG_INFORMATION_FORMAT = dwarf;
				ENABLE_STRICT_OBJC_MSGSEND = YES;
				ENABLE_TESTABILITY = YES;
				ENABLE_USER_SCRIPT_SANDBOXING = YES;
				GCC_C_LANGUAGE_STANDARD = gnu17;
				GCC_DYNAMIC_NO_PIC = NO;
				GCC_NO_COMMON_BLOCKS = YES;
				GCC_OPTIMIZATION_LEVEL = 0;
				GCC_PREPROCESSOR_DEFINITIONS = (
					"DEBUG=1",
					"$(inherited)",
				);
				GCC_WARN_64_TO_32_BIT_CONVERSION = YES;
				GCC_WARN_ABOUT_RETURN_TYPE = YES_ERROR;
				GCC_WARN_UNDECLARED_SELECTOR = YES;
				GCC_WARN_UNINITIALIZED_AUTOS = YES_AGGRESSIVE;
				GCC_WARN_UNUSED_FUNCTION = YES;
				GCC_WARN_UNUSED_VARIABLE = YES;
				IPHONEOS_DEPLOYMENT_TARGET = 17.0;
				LOCALIZATION_PREFERS_STRING_CATALOGS = YES;
				MTL_ENABLE_DEBUG_INFO = INCLUDE_SOURCE;
				MTL_FAST_MATH = YES;
				ONLY_ACTIVE_ARCH = YES;
				SDKROOT = iphoneos;
				SWIFT_ACTIVE_COMPILATION_CONDITIONS = "DEBUG $(inherited)";
				SWIFT_OPTIMIZATION_LEVEL = "-Onone";
			};
			name = Debug;
		};
		1630D3DA2BE4C01300A59A82 /* Release */ = {
			isa = XCBuildConfiguration;
			buildSettings = {
				ALWAYS_SEARCH_USER_PATHS = NO;
				ASSETCATALOG_COMPILER_GENERATE_SWIFT_ASSET_SYMBOL_EXTENSIONS = YES;
				CLANG_ANALYZER_NONNULL = YES;
				CLANG_ANALYZER_NUMBER_OBJECT_CONVERSION = YES_AGGRESSIVE;
				CLANG_CXX_LANGUAGE_STANDARD = "gnu++20";
				CLANG_ENABLE_MODULES = YES;
				CLANG_ENABLE_OBJC_ARC = YES;
				CLANG_ENABLE_OBJC_WEAK = YES;
				CLANG_WARN_BLOCK_CAPTURE_AUTORELEASING = YES;
				CLANG_WARN_BOOL_CONVERSION = YES;
				CLANG_WARN_COMMA = YES;
				CLANG_WARN_CONSTANT_CONVERSION = YES;
				CLANG_WARN_DEPRECATED_OBJC_IMPLEMENTATIONS = YES;
				CLANG_WARN_DIRECT_OBJC_ISA_USAGE = YES_ERROR;
				CLANG_WARN_DOCUMENTATION_COMMENTS = YES;
				CLANG_WARN_EMPTY_BODY = YES;
				CLANG_WARN_ENUM_CONVERSION = YES;
				CLANG_WARN_INFINITE_RECURSION = YES;
				CLANG_WARN_INT_CONVERSION = YES;
				CLANG_WARN_NON_LITERAL_NULL_CONVERSION = YES;
				CLANG_WARN_OBJC_IMPLICIT_RETAIN_SELF = YES;
				CLANG_WARN_OBJC_LITERAL_CONVERSION = YES;
				CLANG_WARN_OBJC_ROOT_CLASS = YES_ERROR;
				CLANG_WARN_QUOTED_INCLUDE_IN_FRAMEWORK_HEADER = YES;
				CLANG_WARN_RANGE_LOOP_ANALYSIS = YES;
				CLANG_WARN_STRICT_PROTOTYPES = YES;
				CLANG_WARN_SUSPICIOUS_MOVE = YES;
				CLANG_WARN_UNGUARDED_AVAILABILITY = YES_AGGRESSIVE;
				CLANG_WARN_UNREACHABLE_CODE = YES;
				CLANG_WARN__DUPLICATE_METHOD_MATCH = YES;
				COPY_PHASE_STRIP = NO;
				DEBUG_INFORMATION_FORMAT = "dwarf-with-dsym";
				ENABLE_NS_ASSERTIONS = NO;
				ENABLE_STRICT_OBJC_MSGSEND = YES;
				ENABLE_USER_SCRIPT_SANDBOXING = YES;
				GCC_C_LANGUAGE_STANDARD = gnu17;
				GCC_NO_COMMON_BLOCKS = YES;
				GCC_WARN_64_TO_32_BIT_CONVERSION = YES;
				GCC_WARN_ABOUT_RETURN_TYPE = YES_ERROR;
				GCC_WARN_UNDECLARED_SELECTOR = YES;
				GCC_WARN_UNINITIALIZED_AUTOS = YES_AGGRESSIVE;
				GCC_WARN_UNUSED_FUNCTION = YES;
				GCC_WARN_UNUSED_VARIABLE = YES;
				IPHONEOS_DEPLOYMENT_TARGET = 17.0;
				LOCALIZATION_PREFERS_STRING_CATALOGS = YES;
				MTL_ENABLE_DEBUG_INFO = NO;
				MTL_FAST_MATH = YES;
				SDKROOT = iphoneos;
				SWIFT_COMPILATION_MODE = wholemodule;
				VALIDATE_PRODUCT = YES;
			};
			name = Release;
		};
		1630D3DC2BE4C01300A59A82 /* Debug */ = {
			isa = XCBuildConfiguration;
			buildSettings = {
				ASSETCATALOG_COMPILER_APPICON_NAME = AppIcon;
				ASSETCATALOG_COMPILER_GLOBAL_ACCENT_COLOR_NAME = AccentColor;
				CODE_SIGN_STYLE = Automatic;
				CURRENT_PROJECT_VERSION = 1;
				DEVELOPMENT_TEAM = KD22N7R738;
				GENERATE_INFOPLIST_FILE = YES;
				INFOPLIST_FILE = Tracker/Resources/Info.plist;
				INFOPLIST_KEY_UIApplicationSupportsIndirectInputEvents = YES;
				INFOPLIST_KEY_UILaunchStoryboardName = LaunchScreen.storyboard;
				INFOPLIST_KEY_UISupportedInterfaceOrientations = UIInterfaceOrientationPortrait;
				INFOPLIST_KEY_UISupportedInterfaceOrientations_iPad = "UIInterfaceOrientationLandscapeLeft UIInterfaceOrientationLandscapeRight UIInterfaceOrientationPortrait UIInterfaceOrientationPortraitUpsideDown";
				IPHONEOS_DEPLOYMENT_TARGET = 13.4;
				LD_RUNPATH_SEARCH_PATHS = (
					"$(inherited)",
					"@executable_path/Frameworks",
				);
				MARKETING_VERSION = 1.0;
				PRODUCT_BUNDLE_IDENTIFIER = ru.AlexanderPleshakov.Tracker;
				PRODUCT_NAME = "$(TARGET_NAME)";
				SUPPORTED_PLATFORMS = "iphoneos iphonesimulator";
				SUPPORTS_MACCATALYST = NO;
				SUPPORTS_MAC_DESIGNED_FOR_IPHONE_IPAD = NO;
				SUPPORTS_XR_DESIGNED_FOR_IPHONE_IPAD = NO;
				SWIFT_EMIT_LOC_STRINGS = YES;
				SWIFT_VERSION = 5.0;
				TARGETED_DEVICE_FAMILY = 1;
			};
			name = Debug;
		};
		1630D3DD2BE4C01300A59A82 /* Release */ = {
			isa = XCBuildConfiguration;
			buildSettings = {
				ASSETCATALOG_COMPILER_APPICON_NAME = AppIcon;
				ASSETCATALOG_COMPILER_GLOBAL_ACCENT_COLOR_NAME = AccentColor;
				CODE_SIGN_STYLE = Automatic;
				CURRENT_PROJECT_VERSION = 1;
				DEVELOPMENT_TEAM = KD22N7R738;
				GENERATE_INFOPLIST_FILE = YES;
				INFOPLIST_FILE = Tracker/Resources/Info.plist;
				INFOPLIST_KEY_UIApplicationSupportsIndirectInputEvents = YES;
				INFOPLIST_KEY_UILaunchStoryboardName = LaunchScreen.storyboard;
				INFOPLIST_KEY_UISupportedInterfaceOrientations = UIInterfaceOrientationPortrait;
				INFOPLIST_KEY_UISupportedInterfaceOrientations_iPad = "UIInterfaceOrientationLandscapeLeft UIInterfaceOrientationLandscapeRight UIInterfaceOrientationPortrait UIInterfaceOrientationPortraitUpsideDown";
				IPHONEOS_DEPLOYMENT_TARGET = 13.4;
				LD_RUNPATH_SEARCH_PATHS = (
					"$(inherited)",
					"@executable_path/Frameworks",
				);
				MARKETING_VERSION = 1.0;
				PRODUCT_BUNDLE_IDENTIFIER = ru.AlexanderPleshakov.Tracker;
				PRODUCT_NAME = "$(TARGET_NAME)";
				SUPPORTED_PLATFORMS = "iphoneos iphonesimulator";
				SUPPORTS_MACCATALYST = NO;
				SUPPORTS_MAC_DESIGNED_FOR_IPHONE_IPAD = NO;
				SUPPORTS_XR_DESIGNED_FOR_IPHONE_IPAD = NO;
				SWIFT_EMIT_LOC_STRINGS = YES;
				SWIFT_VERSION = 5.0;
				TARGETED_DEVICE_FAMILY = 1;
			};
			name = Release;
		};
/* End XCBuildConfiguration section */

/* Begin XCConfigurationList section */
		1630D3C22BE4C00F00A59A82 /* Build configuration list for PBXProject "Tracker" */ = {
			isa = XCConfigurationList;
			buildConfigurations = (
				1630D3D92BE4C01300A59A82 /* Debug */,
				1630D3DA2BE4C01300A59A82 /* Release */,
			);
			defaultConfigurationIsVisible = 0;
			defaultConfigurationName = Release;
		};
		1630D3DB2BE4C01300A59A82 /* Build configuration list for PBXNativeTarget "Tracker" */ = {
			isa = XCConfigurationList;
			buildConfigurations = (
				1630D3DC2BE4C01300A59A82 /* Debug */,
				1630D3DD2BE4C01300A59A82 /* Release */,
			);
			defaultConfigurationIsVisible = 0;
			defaultConfigurationName = Release;
		};
/* End XCConfigurationList section */
	};
	rootObject = 1630D3BF2BE4C00F00A59A82 /* Project object */;
}
