// !$*UTF8*$!
{
	archiveVersion = 1;
	classes = {
	};
	objectVersion = 56;
	objects = {

/* Begin PBXBuildFile section */
		16152B4F2C1383B2007E5A29 /* CoreDataManager.swift in Sources */ = {isa = PBXBuildFile; fileRef = 16152B4E2C1383B2007E5A29 /* CoreDataManager.swift */; };
		16152B512C138630007E5A29 /* CategoryStore.swift in Sources */ = {isa = PBXBuildFile; fileRef = 16152B502C138630007E5A29 /* CategoryStore.swift */; };
		16152B532C13880A007E5A29 /* CategoryStoreManager.swift in Sources */ = {isa = PBXBuildFile; fileRef = 16152B522C13880A007E5A29 /* CategoryStoreManager.swift */; };
		16152B552C138BDA007E5A29 /* TrackerStore.swift in Sources */ = {isa = PBXBuildFile; fileRef = 16152B542C138BDA007E5A29 /* TrackerStore.swift */; };
		16152B572C139914007E5A29 /* NewCategoryStoreManagerDelegate.swift in Sources */ = {isa = PBXBuildFile; fileRef = 16152B562C139914007E5A29 /* NewCategoryStoreManagerDelegate.swift */; };
		16152B5C2C13BBAB007E5A29 /* TrackerStoreManager.swift in Sources */ = {isa = PBXBuildFile; fileRef = 16152B5B2C13BBAB007E5A29 /* TrackerStoreManager.swift */; };
		16152B5E2C13BBCC007E5A29 /* TrackerStoreManagerDelegate.swift in Sources */ = {isa = PBXBuildFile; fileRef = 16152B5D2C13BBCC007E5A29 /* TrackerStoreManagerDelegate.swift */; };
		162050B92C009A0C00468BED /* TextFieldWithPadding.swift in Sources */ = {isa = PBXBuildFile; fileRef = 162050B82C009A0C00468BED /* TextFieldWithPadding.swift */; };
		1630D3CB2BE4C00F00A59A82 /* AppDelegate.swift in Sources */ = {isa = PBXBuildFile; fileRef = 1630D3CA2BE4C00F00A59A82 /* AppDelegate.swift */; };
		1630D3CD2BE4C00F00A59A82 /* SceneDelegate.swift in Sources */ = {isa = PBXBuildFile; fileRef = 1630D3CC2BE4C00F00A59A82 /* SceneDelegate.swift */; };
		1630D3CF2BE4C00F00A59A82 /* TrackersViewController.swift in Sources */ = {isa = PBXBuildFile; fileRef = 1630D3CE2BE4C00F00A59A82 /* TrackersViewController.swift */; };
		1630D3D42BE4C01300A59A82 /* Assets.xcassets in Resources */ = {isa = PBXBuildFile; fileRef = 1630D3D32BE4C01300A59A82 /* Assets.xcassets */; };
		1630D3D72BE4C01300A59A82 /* Base in Resources */ = {isa = PBXBuildFile; fileRef = 1630D3D62BE4C01300A59A82 /* Base */; };
		1651B62F2C151F3500C2493C /* TrackerRecordStore.swift in Sources */ = {isa = PBXBuildFile; fileRef = 1651B62E2C151F3500C2493C /* TrackerRecordStore.swift */; };
		16633C6F2C25FE8E0060BD19 /* TrackerColorCellView.swift in Sources */ = {isa = PBXBuildFile; fileRef = 16633C6E2C25FE8E0060BD19 /* TrackerColorCellView.swift */; };
		16633C712C2635C80060BD19 /* DeleteActionSheet.swift in Sources */ = {isa = PBXBuildFile; fileRef = 16633C702C2635C80060BD19 /* DeleteActionSheet.swift */; };
		16633C732C2643360060BD19 /* HelperTrackersCollectionViewDelegate.swift in Sources */ = {isa = PBXBuildFile; fileRef = 16633C722C2643360060BD19 /* HelperTrackersCollectionViewDelegate.swift */; };
		166A82A02C206C39000B981D /* TrackerTests.swift in Sources */ = {isa = PBXBuildFile; fileRef = 166A829F2C206C39000B981D /* TrackerTests.swift */; };
		166A82A82C206CE3000B981D /* InlineSnapshotTesting in Frameworks */ = {isa = PBXBuildFile; productRef = 166A82A72C206CE3000B981D /* InlineSnapshotTesting */; };
		166A82AA2C206CE3000B981D /* SnapshotTesting in Frameworks */ = {isa = PBXBuildFile; productRef = 166A82A92C206CE3000B981D /* SnapshotTesting */; };
		166A82AE2C207454000B981D /* CategoriesViewModelMock.swift in Sources */ = {isa = PBXBuildFile; fileRef = 166A82AD2C207454000B981D /* CategoriesViewModelMock.swift */; };
		166A82B02C20753B000B981D /* CategoriesViewModelProtocol.swift in Sources */ = {isa = PBXBuildFile; fileRef = 166A82AF2C20753B000B981D /* CategoriesViewModelProtocol.swift */; };
		166EAADD2BFCABC5004FD58B /* TrackersCollectionViewCell.swift in Sources */ = {isa = PBXBuildFile; fileRef = 166EAADC2BFCABC5004FD58B /* TrackersCollectionViewCell.swift */; };
		166EAAE02BFCAE8A004FD58B /* EmojiView.swift in Sources */ = {isa = PBXBuildFile; fileRef = 166EAADF2BFCAE8A004FD58B /* EmojiView.swift */; };
		166EAAE42BFD2C14004FD58B /* HelperTrackersCollectionView.swift in Sources */ = {isa = PBXBuildFile; fileRef = 166EAAE32BFD2C14004FD58B /* HelperTrackersCollectionView.swift */; };
		166EAAE62BFD3FA9004FD58B /* GeometricParams.swift in Sources */ = {isa = PBXBuildFile; fileRef = 166EAAE52BFD3FA8004FD58B /* GeometricParams.swift */; };
		166EAAE92BFD5373004FD58B /* SectionHeaderView.swift in Sources */ = {isa = PBXBuildFile; fileRef = 166EAAE82BFD5373004FD58B /* SectionHeaderView.swift */; };
		166EAAEC2BFEA121004FD58B /* UIColor + hex.swift in Sources */ = {isa = PBXBuildFile; fileRef = 166EAAEB2BFEA121004FD58B /* UIColor + hex.swift */; };
		166EAAEE2BFFC09A004FD58B /* NewTrackerViewControllerDelegate.swift in Sources */ = {isa = PBXBuildFile; fileRef = 166EAAED2BFFC09A004FD58B /* NewTrackerViewControllerDelegate.swift */; };
		166EAAF02BFFC304004FD58B /* TrackersCellDelegate.swift in Sources */ = {isa = PBXBuildFile; fileRef = 166EAAEF2BFFC304004FD58B /* TrackersCellDelegate.swift */; };
		1672483D2C15C7A30006726B /* UITabBar + TopBorder.swift in Sources */ = {isa = PBXBuildFile; fileRef = 1672483C2C15C7A30006726B /* UITabBar + TopBorder.swift */; };
		167AF6842C1B060E007FEA49 /* OnboardingPageViewController.swift in Sources */ = {isa = PBXBuildFile; fileRef = 167AF6832C1B060E007FEA49 /* OnboardingPageViewController.swift */; };
		167AF6862C1B0701007FEA49 /* PageOfOnboardingViewController.swift in Sources */ = {isa = PBXBuildFile; fileRef = 167AF6852C1B0701007FEA49 /* PageOfOnboardingViewController.swift */; };
		167AF6882C1B173E007FEA49 /* SplashViewController.swift in Sources */ = {isa = PBXBuildFile; fileRef = 167AF6872C1B173E007FEA49 /* SplashViewController.swift */; };
		167AF6AA2C1C6805007FEA49 /* Binding .swift in Sources */ = {isa = PBXBuildFile; fileRef = 167AF6A92C1C6805007FEA49 /* Binding .swift */; };
		167AF6AC2C1C68A0007FEA49 /* CategoriesViewModel.swift in Sources */ = {isa = PBXBuildFile; fileRef = 167AF6AB2C1C68A0007FEA49 /* CategoriesViewModel.swift */; };
		167AF6AF2C1C8703007FEA49 /* TimetableViewModel.swift in Sources */ = {isa = PBXBuildFile; fileRef = 167AF6AE2C1C8703007FEA49 /* TimetableViewModel.swift */; };
		167AF6B12C1C9134007FEA49 /* NewTrackerViewModel.swift in Sources */ = {isa = PBXBuildFile; fileRef = 167AF6B02C1C9134007FEA49 /* NewTrackerViewModel.swift */; };
		167AF6B52C1FA24F007FEA49 /* Localizable.strings in Resources */ = {isa = PBXBuildFile; fileRef = 167AF6B32C1FA24F007FEA49 /* Localizable.strings */; };
		167AF6B92C1FBDC4007FEA49 /* Localizable.stringsdict in Resources */ = {isa = PBXBuildFile; fileRef = 167AF6B72C1FBDC4007FEA49 /* Localizable.stringsdict */; };
		167C97D12C08CF9E005266D6 /* EmojiAndColorsCollectionView.swift in Sources */ = {isa = PBXBuildFile; fileRef = 167C97D02C08CF9E005266D6 /* EmojiAndColorsCollectionView.swift */; };
		167C97D62C08D230005266D6 /* EmojiOrColorCollectionViewCell.swift in Sources */ = {isa = PBXBuildFile; fileRef = 167C97D52C08D230005266D6 /* EmojiOrColorCollectionViewCell.swift */; };
		167C97D92C0FDAD1005266D6 /* EmojiAndColorsCollectionViewDelegate.swift in Sources */ = {isa = PBXBuildFile; fileRef = 167C97D82C0FDAD1005266D6 /* EmojiAndColorsCollectionViewDelegate.swift */; };
		16818AB92BED22A90025D5D4 /* StubView.swift in Sources */ = {isa = PBXBuildFile; fileRef = 16818AB82BED22A90025D5D4 /* StubView.swift */; };
		16818ABB2BED27FC0025D5D4 /* TrackersNavigationController.swift in Sources */ = {isa = PBXBuildFile; fileRef = 16818ABA2BED27FC0025D5D4 /* TrackersNavigationController.swift */; };
		16818ABD2BED339B0025D5D4 /* TrackersNavigationControllerDelegate.swift in Sources */ = {isa = PBXBuildFile; fileRef = 16818ABC2BED339A0025D5D4 /* TrackersNavigationControllerDelegate.swift */; };
		16818AC12BED6CA10025D5D4 /* NewTrackerViewController.swift in Sources */ = {isa = PBXBuildFile; fileRef = 16818AC02BED6CA10025D5D4 /* NewTrackerViewController.swift */; };
		16818AC32BED798F0025D5D4 /* HabitOrEventViewController.swift in Sources */ = {isa = PBXBuildFile; fileRef = 16818AC22BED798F0025D5D4 /* HabitOrEventViewController.swift */; };
		16818AC62BED7D490025D5D4 /* InputFieldTableViewCell.swift in Sources */ = {isa = PBXBuildFile; fileRef = 16818AC52BED7D490025D5D4 /* InputFieldTableViewCell.swift */; };
		16AFE79A2BE6517700F4FDFF /* TabBarViewController.swift in Sources */ = {isa = PBXBuildFile; fileRef = 16AFE7992BE6517700F4FDFF /* TabBarViewController.swift */; };
		16AFE79D2BE654D600F4FDFF /* StatisticViewController.swift in Sources */ = {isa = PBXBuildFile; fileRef = 16AFE79C2BE654D600F4FDFF /* StatisticViewController.swift */; };
		16AFE7A12BE6559F00F4FDFF /* Resources.swift in Sources */ = {isa = PBXBuildFile; fileRef = 16AFE7A02BE6559F00F4FDFF /* Resources.swift */; };
		16AFE7CA2BEBEDA200F4FDFF /* Tracker.swift in Sources */ = {isa = PBXBuildFile; fileRef = 16AFE7C92BEBEDA200F4FDFF /* Tracker.swift */; };
		16AFE7CD2BEBF08A00F4FDFF /* TrackerCategory.swift in Sources */ = {isa = PBXBuildFile; fileRef = 16AFE7CC2BEBF08A00F4FDFF /* TrackerCategory.swift */; };
		16AFE7CF2BEBF0DC00F4FDFF /* TrackerRecord.swift in Sources */ = {isa = PBXBuildFile; fileRef = 16AFE7CE2BEBF0DC00F4FDFF /* TrackerRecord.swift */; };
		16D2BFE72C2AF0FA0064806A /* FiltersViewController.swift in Sources */ = {isa = PBXBuildFile; fileRef = 16D2BFE62C2AF0FA0064806A /* FiltersViewController.swift */; };
		16F659252BEE5F3300DA7164 /* HabitAndEventTableViewHelper.swift in Sources */ = {isa = PBXBuildFile; fileRef = 16F659242BEE5F3300DA7164 /* HabitAndEventTableViewHelper.swift */; };
		16F659282BEE8B1100DA7164 /* TrackerType.swift in Sources */ = {isa = PBXBuildFile; fileRef = 16F659272BEE8B1100DA7164 /* TrackerType.swift */; };
		16F6592B2BEE99CB00DA7164 /* TimetableViewController.swift in Sources */ = {isa = PBXBuildFile; fileRef = 16F6592A2BEE99CB00DA7164 /* TimetableViewController.swift */; };
		16F6592D2BEE9C7400DA7164 /* BasicLargeButton.swift in Sources */ = {isa = PBXBuildFile; fileRef = 16F6592C2BEE9C7400DA7164 /* BasicLargeButton.swift */; };
		16F659302BEEA4E100DA7164 /* HabitAndEventTableViewDelegate.swift in Sources */ = {isa = PBXBuildFile; fileRef = 16F6592F2BEEA4E100DA7164 /* HabitAndEventTableViewDelegate.swift */; };
		16F659332BEEAA7900DA7164 /* HabitOrEventViewControllerDelegate.swift in Sources */ = {isa = PBXBuildFile; fileRef = 16F659322BEEAA7900DA7164 /* HabitOrEventViewControllerDelegate.swift */; };
		16F659352BEF853A00DA7164 /* Day.swift in Sources */ = {isa = PBXBuildFile; fileRef = 16F659342BEF853A00DA7164 /* Day.swift */; };
		16F659392BEF8E1400DA7164 /* TimetableTableViewCell.swift in Sources */ = {isa = PBXBuildFile; fileRef = 16F659382BEF8E1400DA7164 /* TimetableTableViewCell.swift */; };
		16F6593B2BEF995A00DA7164 /* DisclosureTableViewCell.swift in Sources */ = {isa = PBXBuildFile; fileRef = 16F6593A2BEF995A00DA7164 /* DisclosureTableViewCell.swift */; };
		16F6593D2BEFD53E00DA7164 /* CategoriesViewController.swift in Sources */ = {isa = PBXBuildFile; fileRef = 16F6593C2BEFD53E00DA7164 /* CategoriesViewController.swift */; };
		16F659412BF025F500DA7164 /* NewCategoryViewController.swift in Sources */ = {isa = PBXBuildFile; fileRef = 16F659402BF025F500DA7164 /* NewCategoryViewController.swift */; };
		16FF63342C14D1650096A1A8 /* DaysStore.swift in Sources */ = {isa = PBXBuildFile; fileRef = 16FF63332C14D1650096A1A8 /* DaysStore.swift */; };
		695846D22C173A1900D43908 /* DataModel.xcdatamodeld in Sources */ = {isa = PBXBuildFile; fileRef = 695846D02C173A1900D43908 /* DataModel.xcdatamodeld */; };
/* End PBXBuildFile section */

/* Begin PBXContainerItemProxy section */
		166A82A12C206C39000B981D /* PBXContainerItemProxy */ = {
			isa = PBXContainerItemProxy;
			containerPortal = 1630D3BF2BE4C00F00A59A82 /* Project object */;
			proxyType = 1;
			remoteGlobalIDString = 1630D3C62BE4C00F00A59A82;
			remoteInfo = Tracker;
		};
/* End PBXContainerItemProxy section */

/* Begin PBXFileReference section */
		16152B4E2C1383B2007E5A29 /* CoreDataManager.swift */ = {isa = PBXFileReference; lastKnownFileType = sourcecode.swift; path = CoreDataManager.swift; sourceTree = "<group>"; };
		16152B502C138630007E5A29 /* CategoryStore.swift */ = {isa = PBXFileReference; lastKnownFileType = sourcecode.swift; path = CategoryStore.swift; sourceTree = "<group>"; };
		16152B522C13880A007E5A29 /* CategoryStoreManager.swift */ = {isa = PBXFileReference; lastKnownFileType = sourcecode.swift; path = CategoryStoreManager.swift; sourceTree = "<group>"; };
		16152B542C138BDA007E5A29 /* TrackerStore.swift */ = {isa = PBXFileReference; lastKnownFileType = sourcecode.swift; path = TrackerStore.swift; sourceTree = "<group>"; };
		16152B562C139914007E5A29 /* NewCategoryStoreManagerDelegate.swift */ = {isa = PBXFileReference; lastKnownFileType = sourcecode.swift; path = NewCategoryStoreManagerDelegate.swift; sourceTree = "<group>"; };
		16152B5B2C13BBAB007E5A29 /* TrackerStoreManager.swift */ = {isa = PBXFileReference; lastKnownFileType = sourcecode.swift; path = TrackerStoreManager.swift; sourceTree = "<group>"; };
		16152B5D2C13BBCC007E5A29 /* TrackerStoreManagerDelegate.swift */ = {isa = PBXFileReference; lastKnownFileType = sourcecode.swift; path = TrackerStoreManagerDelegate.swift; sourceTree = "<group>"; };
		162050B82C009A0C00468BED /* TextFieldWithPadding.swift */ = {isa = PBXFileReference; lastKnownFileType = sourcecode.swift; path = TextFieldWithPadding.swift; sourceTree = "<group>"; };
		1630D3C72BE4C00F00A59A82 /* Tracker.app */ = {isa = PBXFileReference; explicitFileType = wrapper.application; includeInIndex = 0; path = Tracker.app; sourceTree = BUILT_PRODUCTS_DIR; };
		1630D3CA2BE4C00F00A59A82 /* AppDelegate.swift */ = {isa = PBXFileReference; lastKnownFileType = sourcecode.swift; path = AppDelegate.swift; sourceTree = "<group>"; };
		1630D3CC2BE4C00F00A59A82 /* SceneDelegate.swift */ = {isa = PBXFileReference; lastKnownFileType = sourcecode.swift; path = SceneDelegate.swift; sourceTree = "<group>"; };
		1630D3CE2BE4C00F00A59A82 /* TrackersViewController.swift */ = {isa = PBXFileReference; lastKnownFileType = sourcecode.swift; path = TrackersViewController.swift; sourceTree = "<group>"; };
		1630D3D32BE4C01300A59A82 /* Assets.xcassets */ = {isa = PBXFileReference; lastKnownFileType = folder.assetcatalog; path = Assets.xcassets; sourceTree = "<group>"; };
		1630D3D62BE4C01300A59A82 /* Base */ = {isa = PBXFileReference; lastKnownFileType = file.storyboard; name = Base; path = Base.lproj/LaunchScreen.storyboard; sourceTree = "<group>"; };
		1630D3D82BE4C01300A59A82 /* Info.plist */ = {isa = PBXFileReference; lastKnownFileType = text.plist.xml; path = Info.plist; sourceTree = "<group>"; };
		1651B62E2C151F3500C2493C /* TrackerRecordStore.swift */ = {isa = PBXFileReference; lastKnownFileType = sourcecode.swift; path = TrackerRecordStore.swift; sourceTree = "<group>"; };
		16633C6E2C25FE8E0060BD19 /* TrackerColorCellView.swift */ = {isa = PBXFileReference; lastKnownFileType = sourcecode.swift; path = TrackerColorCellView.swift; sourceTree = "<group>"; };
		16633C702C2635C80060BD19 /* DeleteActionSheet.swift */ = {isa = PBXFileReference; lastKnownFileType = sourcecode.swift; path = DeleteActionSheet.swift; sourceTree = "<group>"; };
		16633C722C2643360060BD19 /* HelperTrackersCollectionViewDelegate.swift */ = {isa = PBXFileReference; lastKnownFileType = sourcecode.swift; path = HelperTrackersCollectionViewDelegate.swift; sourceTree = "<group>"; };
		166A829D2C206C39000B981D /* TrackerTests.xctest */ = {isa = PBXFileReference; explicitFileType = wrapper.cfbundle; includeInIndex = 0; path = TrackerTests.xctest; sourceTree = BUILT_PRODUCTS_DIR; };
		166A829F2C206C39000B981D /* TrackerTests.swift */ = {isa = PBXFileReference; lastKnownFileType = sourcecode.swift; path = TrackerTests.swift; sourceTree = "<group>"; };
		166A82AD2C207454000B981D /* CategoriesViewModelMock.swift */ = {isa = PBXFileReference; lastKnownFileType = sourcecode.swift; path = CategoriesViewModelMock.swift; sourceTree = "<group>"; };
		166A82AF2C20753B000B981D /* CategoriesViewModelProtocol.swift */ = {isa = PBXFileReference; lastKnownFileType = sourcecode.swift; path = CategoriesViewModelProtocol.swift; sourceTree = "<group>"; };
		166EAADC2BFCABC5004FD58B /* TrackersCollectionViewCell.swift */ = {isa = PBXFileReference; lastKnownFileType = sourcecode.swift; path = TrackersCollectionViewCell.swift; sourceTree = "<group>"; };
		166EAADF2BFCAE8A004FD58B /* EmojiView.swift */ = {isa = PBXFileReference; lastKnownFileType = sourcecode.swift; path = EmojiView.swift; sourceTree = "<group>"; };
		166EAAE32BFD2C14004FD58B /* HelperTrackersCollectionView.swift */ = {isa = PBXFileReference; lastKnownFileType = sourcecode.swift; path = HelperTrackersCollectionView.swift; sourceTree = "<group>"; };
		166EAAE52BFD3FA8004FD58B /* GeometricParams.swift */ = {isa = PBXFileReference; lastKnownFileType = sourcecode.swift; path = GeometricParams.swift; sourceTree = "<group>"; };
		166EAAE82BFD5373004FD58B /* SectionHeaderView.swift */ = {isa = PBXFileReference; lastKnownFileType = sourcecode.swift; path = SectionHeaderView.swift; sourceTree = "<group>"; };
		166EAAEB2BFEA121004FD58B /* UIColor + hex.swift */ = {isa = PBXFileReference; lastKnownFileType = sourcecode.swift; path = "UIColor + hex.swift"; sourceTree = "<group>"; };
		166EAAED2BFFC09A004FD58B /* NewTrackerViewControllerDelegate.swift */ = {isa = PBXFileReference; lastKnownFileType = sourcecode.swift; path = NewTrackerViewControllerDelegate.swift; sourceTree = "<group>"; };
		166EAAEF2BFFC304004FD58B /* TrackersCellDelegate.swift */ = {isa = PBXFileReference; lastKnownFileType = sourcecode.swift; path = TrackersCellDelegate.swift; sourceTree = "<group>"; };
		1672483C2C15C7A30006726B /* UITabBar + TopBorder.swift */ = {isa = PBXFileReference; lastKnownFileType = sourcecode.swift; path = "UITabBar + TopBorder.swift"; sourceTree = "<group>"; };
		167AF6832C1B060E007FEA49 /* OnboardingPageViewController.swift */ = {isa = PBXFileReference; lastKnownFileType = sourcecode.swift; path = OnboardingPageViewController.swift; sourceTree = "<group>"; };
		167AF6852C1B0701007FEA49 /* PageOfOnboardingViewController.swift */ = {isa = PBXFileReference; lastKnownFileType = sourcecode.swift; path = PageOfOnboardingViewController.swift; sourceTree = "<group>"; };
		167AF6872C1B173E007FEA49 /* SplashViewController.swift */ = {isa = PBXFileReference; lastKnownFileType = sourcecode.swift; path = SplashViewController.swift; sourceTree = "<group>"; };
		167AF6A92C1C6805007FEA49 /* Binding .swift */ = {isa = PBXFileReference; lastKnownFileType = sourcecode.swift; path = "Binding .swift"; sourceTree = "<group>"; };
		167AF6AB2C1C68A0007FEA49 /* CategoriesViewModel.swift */ = {isa = PBXFileReference; lastKnownFileType = sourcecode.swift; path = CategoriesViewModel.swift; sourceTree = "<group>"; };
		167AF6AE2C1C8703007FEA49 /* TimetableViewModel.swift */ = {isa = PBXFileReference; lastKnownFileType = sourcecode.swift; path = TimetableViewModel.swift; sourceTree = "<group>"; };
		167AF6B02C1C9134007FEA49 /* NewTrackerViewModel.swift */ = {isa = PBXFileReference; lastKnownFileType = sourcecode.swift; path = NewTrackerViewModel.swift; sourceTree = "<group>"; };
		167AF6B42C1FA24F007FEA49 /* en */ = {isa = PBXFileReference; lastKnownFileType = text.plist.strings; name = en; path = en.lproj/Localizable.strings; sourceTree = "<group>"; };
		167AF6B82C1FBDC4007FEA49 /* en */ = {isa = PBXFileReference; lastKnownFileType = text.plist.stringsdict; name = en; path = en.lproj/Localizable.stringsdict; sourceTree = "<group>"; };
		167AF6BB2C1FBF17007FEA49 /* ru */ = {isa = PBXFileReference; lastKnownFileType = text.plist.strings; name = ru; path = ru.lproj/Localizable.strings; sourceTree = "<group>"; };
		167AF6BC2C1FBF17007FEA49 /* ru */ = {isa = PBXFileReference; lastKnownFileType = text.plist.stringsdict; name = ru; path = ru.lproj/Localizable.stringsdict; sourceTree = "<group>"; };
		167C97D02C08CF9E005266D6 /* EmojiAndColorsCollectionView.swift */ = {isa = PBXFileReference; lastKnownFileType = sourcecode.swift; path = EmojiAndColorsCollectionView.swift; sourceTree = "<group>"; };
		167C97D52C08D230005266D6 /* EmojiOrColorCollectionViewCell.swift */ = {isa = PBXFileReference; lastKnownFileType = sourcecode.swift; path = EmojiOrColorCollectionViewCell.swift; sourceTree = "<group>"; };
		167C97D82C0FDAD1005266D6 /* EmojiAndColorsCollectionViewDelegate.swift */ = {isa = PBXFileReference; lastKnownFileType = sourcecode.swift; path = EmojiAndColorsCollectionViewDelegate.swift; sourceTree = "<group>"; };
		16818AB82BED22A90025D5D4 /* StubView.swift */ = {isa = PBXFileReference; lastKnownFileType = sourcecode.swift; path = StubView.swift; sourceTree = "<group>"; };
		16818ABA2BED27FC0025D5D4 /* TrackersNavigationController.swift */ = {isa = PBXFileReference; lastKnownFileType = sourcecode.swift; path = TrackersNavigationController.swift; sourceTree = "<group>"; };
		16818ABC2BED339A0025D5D4 /* TrackersNavigationControllerDelegate.swift */ = {isa = PBXFileReference; lastKnownFileType = sourcecode.swift; path = TrackersNavigationControllerDelegate.swift; sourceTree = "<group>"; };
		16818AC02BED6CA10025D5D4 /* NewTrackerViewController.swift */ = {isa = PBXFileReference; lastKnownFileType = sourcecode.swift; path = NewTrackerViewController.swift; sourceTree = "<group>"; };
		16818AC22BED798F0025D5D4 /* HabitOrEventViewController.swift */ = {isa = PBXFileReference; lastKnownFileType = sourcecode.swift; path = HabitOrEventViewController.swift; sourceTree = "<group>"; };
		16818AC52BED7D490025D5D4 /* InputFieldTableViewCell.swift */ = {isa = PBXFileReference; lastKnownFileType = sourcecode.swift; path = InputFieldTableViewCell.swift; sourceTree = "<group>"; };
		16AFE7992BE6517700F4FDFF /* TabBarViewController.swift */ = {isa = PBXFileReference; lastKnownFileType = sourcecode.swift; path = TabBarViewController.swift; sourceTree = "<group>"; };
		16AFE79C2BE654D600F4FDFF /* StatisticViewController.swift */ = {isa = PBXFileReference; lastKnownFileType = sourcecode.swift; path = StatisticViewController.swift; sourceTree = "<group>"; };
		16AFE7A02BE6559F00F4FDFF /* Resources.swift */ = {isa = PBXFileReference; lastKnownFileType = sourcecode.swift; path = Resources.swift; sourceTree = "<group>"; };
		16AFE7C92BEBEDA200F4FDFF /* Tracker.swift */ = {isa = PBXFileReference; lastKnownFileType = sourcecode.swift; path = Tracker.swift; sourceTree = "<group>"; };
		16AFE7CC2BEBF08A00F4FDFF /* TrackerCategory.swift */ = {isa = PBXFileReference; lastKnownFileType = sourcecode.swift; path = TrackerCategory.swift; sourceTree = "<group>"; };
		16AFE7CE2BEBF0DC00F4FDFF /* TrackerRecord.swift */ = {isa = PBXFileReference; lastKnownFileType = sourcecode.swift; path = TrackerRecord.swift; sourceTree = "<group>"; };
		16D2BFE62C2AF0FA0064806A /* FiltersViewController.swift */ = {isa = PBXFileReference; lastKnownFileType = sourcecode.swift; path = FiltersViewController.swift; sourceTree = "<group>"; };
		16F659242BEE5F3300DA7164 /* HabitAndEventTableViewHelper.swift */ = {isa = PBXFileReference; lastKnownFileType = sourcecode.swift; path = HabitAndEventTableViewHelper.swift; sourceTree = "<group>"; };
		16F659272BEE8B1100DA7164 /* TrackerType.swift */ = {isa = PBXFileReference; lastKnownFileType = sourcecode.swift; path = TrackerType.swift; sourceTree = "<group>"; };
		16F6592A2BEE99CB00DA7164 /* TimetableViewController.swift */ = {isa = PBXFileReference; lastKnownFileType = sourcecode.swift; path = TimetableViewController.swift; sourceTree = "<group>"; };
		16F6592C2BEE9C7400DA7164 /* BasicLargeButton.swift */ = {isa = PBXFileReference; lastKnownFileType = sourcecode.swift; path = BasicLargeButton.swift; sourceTree = "<group>"; };
		16F6592F2BEEA4E100DA7164 /* HabitAndEventTableViewDelegate.swift */ = {isa = PBXFileReference; lastKnownFileType = sourcecode.swift; path = HabitAndEventTableViewDelegate.swift; sourceTree = "<group>"; };
		16F659322BEEAA7900DA7164 /* HabitOrEventViewControllerDelegate.swift */ = {isa = PBXFileReference; lastKnownFileType = sourcecode.swift; path = HabitOrEventViewControllerDelegate.swift; sourceTree = "<group>"; };
		16F659342BEF853A00DA7164 /* Day.swift */ = {isa = PBXFileReference; lastKnownFileType = sourcecode.swift; path = Day.swift; sourceTree = "<group>"; };
		16F659382BEF8E1400DA7164 /* TimetableTableViewCell.swift */ = {isa = PBXFileReference; lastKnownFileType = sourcecode.swift; path = TimetableTableViewCell.swift; sourceTree = "<group>"; };
		16F6593A2BEF995A00DA7164 /* DisclosureTableViewCell.swift */ = {isa = PBXFileReference; lastKnownFileType = sourcecode.swift; path = DisclosureTableViewCell.swift; sourceTree = "<group>"; };
		16F6593C2BEFD53E00DA7164 /* CategoriesViewController.swift */ = {isa = PBXFileReference; lastKnownFileType = sourcecode.swift; path = CategoriesViewController.swift; sourceTree = "<group>"; };
		16F659402BF025F500DA7164 /* NewCategoryViewController.swift */ = {isa = PBXFileReference; lastKnownFileType = sourcecode.swift; path = NewCategoryViewController.swift; sourceTree = "<group>"; };
		16FF63332C14D1650096A1A8 /* DaysStore.swift */ = {isa = PBXFileReference; lastKnownFileType = sourcecode.swift; path = DaysStore.swift; sourceTree = "<group>"; };
		695846D12C173A1900D43908 /* DataModel.xcdatamodel */ = {isa = PBXFileReference; lastKnownFileType = wrapper.xcdatamodel; path = DataModel.xcdatamodel; sourceTree = "<group>"; };
/* End PBXFileReference section */

/* Begin PBXFrameworksBuildPhase section */
		1630D3C42BE4C00F00A59A82 /* Frameworks */ = {
			isa = PBXFrameworksBuildPhase;
			buildActionMask = 2147483647;
			files = (
			);
			runOnlyForDeploymentPostprocessing = 0;
		};
		166A829A2C206C39000B981D /* Frameworks */ = {
			isa = PBXFrameworksBuildPhase;
			buildActionMask = 2147483647;
			files = (
				166A82A82C206CE3000B981D /* InlineSnapshotTesting in Frameworks */,
				166A82AA2C206CE3000B981D /* SnapshotTesting in Frameworks */,
			);
			runOnlyForDeploymentPostprocessing = 0;
		};
/* End PBXFrameworksBuildPhase section */

/* Begin PBXGroup section */
		16152B4A2C138212007E5A29 /* CoreData */ = {
			isa = PBXGroup;
			children = (
				695846D02C173A1900D43908 /* DataModel.xcdatamodeld */,
				16152B592C139EEC007E5A29 /* Stores */,
				16152B582C139ED4007E5A29 /* Managers */,
				16152B5A2C139F10007E5A29 /* Protocols */,
			);
			name = CoreData;
			path = Tracker/CoreData;
			sourceTree = SOURCE_ROOT;
		};
		16152B582C139ED4007E5A29 /* Managers */ = {
			isa = PBXGroup;
			children = (
				16152B522C13880A007E5A29 /* CategoryStoreManager.swift */,
				16152B4E2C1383B2007E5A29 /* CoreDataManager.swift */,
				16152B5B2C13BBAB007E5A29 /* TrackerStoreManager.swift */,
			);
			path = Managers;
			sourceTree = "<group>";
		};
		16152B592C139EEC007E5A29 /* Stores */ = {
			isa = PBXGroup;
			children = (
				16152B542C138BDA007E5A29 /* TrackerStore.swift */,
				16152B502C138630007E5A29 /* CategoryStore.swift */,
				16FF63332C14D1650096A1A8 /* DaysStore.swift */,
				1651B62E2C151F3500C2493C /* TrackerRecordStore.swift */,
			);
			path = Stores;
			sourceTree = "<group>";
		};
		16152B5A2C139F10007E5A29 /* Protocols */ = {
			isa = PBXGroup;
			children = (
				16152B562C139914007E5A29 /* NewCategoryStoreManagerDelegate.swift */,
				16152B5D2C13BBCC007E5A29 /* TrackerStoreManagerDelegate.swift */,
			);
			path = Protocols;
			sourceTree = "<group>";
		};
		1630D3BE2BE4C00F00A59A82 = {
			isa = PBXGroup;
			children = (
				1630D3C92BE4C00F00A59A82 /* Tracker */,
				166A829E2C206C39000B981D /* TrackerTests */,
				1630D3C82BE4C00F00A59A82 /* Products */,
			);
			sourceTree = "<group>";
		};
		1630D3C82BE4C00F00A59A82 /* Products */ = {
			isa = PBXGroup;
			children = (
				1630D3C72BE4C00F00A59A82 /* Tracker.app */,
				166A829D2C206C39000B981D /* TrackerTests.xctest */,
			);
			name = Products;
			sourceTree = "<group>";
		};
		1630D3C92BE4C00F00A59A82 /* Tracker */ = {
			isa = PBXGroup;
			children = (
				1630D3CA2BE4C00F00A59A82 /* AppDelegate.swift */,
				1630D3CC2BE4C00F00A59A82 /* SceneDelegate.swift */,
				167AF6822C1B05F0007FEA49 /* Onboarding */,
				16F6592E2BEE9DC700DA7164 /* Views */,
				16AFE7CB2BEBF05600F4FDFF /* Models */,
				16AFE79E2BE6551B00F4FDFF /* Trackers */,
				16818ABF2BED6C5B0025D5D4 /* TrackerCreation */,
				16AFE79F2BE6553100F4FDFF /* Statistic */,
				16AFE79B2BE6517C00F4FDFF /* TabBar */,
				166EAAEA2BFEA0B0004FD58B /* Helpers */,
				16AFE7982BE64E5900F4FDFF /* Resources */,
				16152B4A2C138212007E5A29 /* CoreData */,
			);
			path = Tracker;
			sourceTree = "<group>";
		};
		166A829E2C206C39000B981D /* TrackerTests */ = {
			isa = PBXGroup;
			children = (
				166A829F2C206C39000B981D /* TrackerTests.swift */,
				166A82AD2C207454000B981D /* CategoriesViewModelMock.swift */,
			);
			path = TrackerTests;
			sourceTree = "<group>";
		};
		166EAADB2BFCABA4004FD58B /* TrackersCollectionView */ = {
			isa = PBXGroup;
			children = (
				166EAAE32BFD2C14004FD58B /* HelperTrackersCollectionView.swift */,
				166EAADE2BFCAE75004FD58B /* Views */,
			);
			path = TrackersCollectionView;
			sourceTree = "<group>";
		};
		166EAADE2BFCAE75004FD58B /* Views */ = {
			isa = PBXGroup;
			children = (
				166EAADC2BFCABC5004FD58B /* TrackersCollectionViewCell.swift */,
				166EAADF2BFCAE8A004FD58B /* EmojiView.swift */,
				166EAAE82BFD5373004FD58B /* SectionHeaderView.swift */,
				16633C6E2C25FE8E0060BD19 /* TrackerColorCellView.swift */,
			);
			path = Views;
			sourceTree = "<group>";
		};
		166EAAEA2BFEA0B0004FD58B /* Helpers */ = {
			isa = PBXGroup;
			children = (
				166EAAEB2BFEA121004FD58B /* UIColor + hex.swift */,
				1672483C2C15C7A30006726B /* UITabBar + TopBorder.swift */,
				167AF6A92C1C6805007FEA49 /* Binding .swift */,
			);
			path = Helpers;
			sourceTree = "<group>";
		};
		167AF6822C1B05F0007FEA49 /* Onboarding */ = {
			isa = PBXGroup;
			children = (
				167AF6832C1B060E007FEA49 /* OnboardingPageViewController.swift */,
				167AF6852C1B0701007FEA49 /* PageOfOnboardingViewController.swift */,
				167AF6872C1B173E007FEA49 /* SplashViewController.swift */,
			);
			path = Onboarding;
			sourceTree = "<group>";
		};
		167AF6AD2C1C68A8007FEA49 /* ViewModels */ = {
			isa = PBXGroup;
			children = (
				167AF6AB2C1C68A0007FEA49 /* CategoriesViewModel.swift */,
				167AF6AE2C1C8703007FEA49 /* TimetableViewModel.swift */,
				167AF6B02C1C9134007FEA49 /* NewTrackerViewModel.swift */,
				166A82AF2C20753B000B981D /* CategoriesViewModelProtocol.swift */,
			);
			path = ViewModels;
			sourceTree = "<group>";
		};
		167AF6B22C1FA222007FEA49 /* Localization */ = {
			isa = PBXGroup;
			children = (
				167AF6B32C1FA24F007FEA49 /* Localizable.strings */,
				167AF6B72C1FBDC4007FEA49 /* Localizable.stringsdict */,
			);
			path = Localization;
			sourceTree = "<group>";
		};
		167C97CF2C08CE80005266D6 /* Cells */ = {
			isa = PBXGroup;
			children = (
				16818AC52BED7D490025D5D4 /* InputFieldTableViewCell.swift */,
				16F659382BEF8E1400DA7164 /* TimetableTableViewCell.swift */,
				16F6593A2BEF995A00DA7164 /* DisclosureTableViewCell.swift */,
				167C97D52C08D230005266D6 /* EmojiOrColorCollectionViewCell.swift */,
			);
			path = Cells;
			sourceTree = "<group>";
		};
		167C97D22C08D145005266D6 /* Models */ = {
			isa = PBXGroup;
			children = (
				16F659272BEE8B1100DA7164 /* TrackerType.swift */,
			);
			path = Models;
			sourceTree = "<group>";
		};
		167C97D72C0FDAB8005266D6 /* Protocols */ = {
			isa = PBXGroup;
			children = (
				167C97D82C0FDAD1005266D6 /* EmojiAndColorsCollectionViewDelegate.swift */,
			);
			path = Protocols;
			sourceTree = "<group>";
		};
		16818ABE2BED36C10025D5D4 /* Protocols */ = {
			isa = PBXGroup;
			children = (
				16818ABC2BED339A0025D5D4 /* TrackersNavigationControllerDelegate.swift */,
				166EAAEF2BFFC304004FD58B /* TrackersCellDelegate.swift */,
				16633C722C2643360060BD19 /* HelperTrackersCollectionViewDelegate.swift */,
			);
			path = Protocols;
			sourceTree = "<group>";
		};
		16818ABF2BED6C5B0025D5D4 /* TrackerCreation */ = {
			isa = PBXGroup;
			children = (
				167C97D22C08D145005266D6 /* Models */,
				16818AC42BED7D270025D5D4 /* Views */,
				167AF6AD2C1C68A8007FEA49 /* ViewModels */,
				16F659292BEE990C00DA7164 /* Controllers */,
				16F659262BEE63C200DA7164 /* Helpers */,
				16F659312BEEA56200DA7164 /* Protocols */,
			);
			path = TrackerCreation;
			sourceTree = "<group>";
		};
		16818AC42BED7D270025D5D4 /* Views */ = {
			isa = PBXGroup;
			children = (
				167C97D72C0FDAB8005266D6 /* Protocols */,
				167C97CF2C08CE80005266D6 /* Cells */,
				162050B82C009A0C00468BED /* TextFieldWithPadding.swift */,
				167C97D02C08CF9E005266D6 /* EmojiAndColorsCollectionView.swift */,
			);
			path = Views;
			sourceTree = "<group>";
		};
		16AFE7982BE64E5900F4FDFF /* Resources */ = {
			isa = PBXGroup;
			children = (
				167AF6B22C1FA222007FEA49 /* Localization */,
				16AFE7A02BE6559F00F4FDFF /* Resources.swift */,
				1630D3D32BE4C01300A59A82 /* Assets.xcassets */,
				1630D3D52BE4C01300A59A82 /* LaunchScreen.storyboard */,
				1630D3D82BE4C01300A59A82 /* Info.plist */,
			);
			path = Resources;
			sourceTree = "<group>";
		};
		16AFE79B2BE6517C00F4FDFF /* TabBar */ = {
			isa = PBXGroup;
			children = (
				16AFE7992BE6517700F4FDFF /* TabBarViewController.swift */,
			);
			path = TabBar;
			sourceTree = "<group>";
		};
		16AFE79E2BE6551B00F4FDFF /* Trackers */ = {
			isa = PBXGroup;
			children = (
				16D2BFE52C2AF0DF0064806A /* Filters */,
				16818ABE2BED36C10025D5D4 /* Protocols */,
				16AFE7A22BE8E97400F4FDFF /* Views */,
				1630D3CE2BE4C00F00A59A82 /* TrackersViewController.swift */,
			);
			path = Trackers;
			sourceTree = "<group>";
		};
		16AFE79F2BE6553100F4FDFF /* Statistic */ = {
			isa = PBXGroup;
			children = (
				16AFE79C2BE654D600F4FDFF /* StatisticViewController.swift */,
			);
			path = Statistic;
			sourceTree = "<group>";
		};
		16AFE7A22BE8E97400F4FDFF /* Views */ = {
			isa = PBXGroup;
			children = (
				16818ABA2BED27FC0025D5D4 /* TrackersNavigationController.swift */,
				166EAADB2BFCABA4004FD58B /* TrackersCollectionView */,
			);
			path = Views;
			sourceTree = "<group>";
		};
		16AFE7CB2BEBF05600F4FDFF /* Models */ = {
			isa = PBXGroup;
			children = (
				166EAAE52BFD3FA8004FD58B /* GeometricParams.swift */,
				16AFE7C92BEBEDA200F4FDFF /* Tracker.swift */,
				16AFE7CC2BEBF08A00F4FDFF /* TrackerCategory.swift */,
				16AFE7CE2BEBF0DC00F4FDFF /* TrackerRecord.swift */,
				16F659342BEF853A00DA7164 /* Day.swift */,
			);
			path = Models;
			sourceTree = "<group>";
		};
		16D2BFE52C2AF0DF0064806A /* Filters */ = {
			isa = PBXGroup;
			children = (
				16D2BFE62C2AF0FA0064806A /* FiltersViewController.swift */,
			);
			path = Filters;
			sourceTree = "<group>";
		};
		16F659262BEE63C200DA7164 /* Helpers */ = {
			isa = PBXGroup;
			children = (
				16F659242BEE5F3300DA7164 /* HabitAndEventTableViewHelper.swift */,
			);
			path = Helpers;
			sourceTree = "<group>";
		};
		16F659292BEE990C00DA7164 /* Controllers */ = {
			isa = PBXGroup;
			children = (
				16818AC02BED6CA10025D5D4 /* NewTrackerViewController.swift */,
				16818AC22BED798F0025D5D4 /* HabitOrEventViewController.swift */,
				16F6592A2BEE99CB00DA7164 /* TimetableViewController.swift */,
				16F6593C2BEFD53E00DA7164 /* CategoriesViewController.swift */,
				16F659402BF025F500DA7164 /* NewCategoryViewController.swift */,
			);
			path = Controllers;
			sourceTree = "<group>";
		};
		16F6592E2BEE9DC700DA7164 /* Views */ = {
			isa = PBXGroup;
			children = (
				16818AB82BED22A90025D5D4 /* StubView.swift */,
				16F6592C2BEE9C7400DA7164 /* BasicLargeButton.swift */,
				16633C702C2635C80060BD19 /* DeleteActionSheet.swift */,
			);
			path = Views;
			sourceTree = "<group>";
		};
		16F659312BEEA56200DA7164 /* Protocols */ = {
			isa = PBXGroup;
			children = (
				16F6592F2BEEA4E100DA7164 /* HabitAndEventTableViewDelegate.swift */,
				16F659322BEEAA7900DA7164 /* HabitOrEventViewControllerDelegate.swift */,
				166EAAED2BFFC09A004FD58B /* NewTrackerViewControllerDelegate.swift */,
			);
			path = Protocols;
			sourceTree = "<group>";
		};
/* End PBXGroup section */

/* Begin PBXNativeTarget section */
		1630D3C62BE4C00F00A59A82 /* Tracker */ = {
			isa = PBXNativeTarget;
			buildConfigurationList = 1630D3DB2BE4C01300A59A82 /* Build configuration list for PBXNativeTarget "Tracker" */;
			buildPhases = (
				1630D3C32BE4C00F00A59A82 /* Sources */,
				1630D3C42BE4C00F00A59A82 /* Frameworks */,
				1630D3C52BE4C00F00A59A82 /* Resources */,
			);
			buildRules = (
			);
			dependencies = (
			);
			name = Tracker;
			productName = Tracker;
			productReference = 1630D3C72BE4C00F00A59A82 /* Tracker.app */;
			productType = "com.apple.product-type.application";
		};
		166A829C2C206C39000B981D /* TrackerTests */ = {
			isa = PBXNativeTarget;
			buildConfigurationList = 166A82A52C206C39000B981D /* Build configuration list for PBXNativeTarget "TrackerTests" */;
			buildPhases = (
				166A82992C206C39000B981D /* Sources */,
				166A829A2C206C39000B981D /* Frameworks */,
				166A829B2C206C39000B981D /* Resources */,
			);
			buildRules = (
			);
			dependencies = (
				166A82A22C206C39000B981D /* PBXTargetDependency */,
			);
			name = TrackerTests;
			packageProductDependencies = (
				166A82A72C206CE3000B981D /* InlineSnapshotTesting */,
				166A82A92C206CE3000B981D /* SnapshotTesting */,
			);
			productName = TrackerTests;
			productReference = 166A829D2C206C39000B981D /* TrackerTests.xctest */;
			productType = "com.apple.product-type.bundle.unit-test";
		};
/* End PBXNativeTarget section */

/* Begin PBXProject section */
		1630D3BF2BE4C00F00A59A82 /* Project object */ = {
			isa = PBXProject;
			attributes = {
				BuildIndependentTargetsInParallel = 1;
				LastSwiftUpdateCheck = 1530;
				LastUpgradeCheck = 1530;
				TargetAttributes = {
					1630D3C62BE4C00F00A59A82 = {
						CreatedOnToolsVersion = 15.3;
					};
					166A829C2C206C39000B981D = {
						CreatedOnToolsVersion = 15.3;
						TestTargetID = 1630D3C62BE4C00F00A59A82;
					};
				};
			};
			buildConfigurationList = 1630D3C22BE4C00F00A59A82 /* Build configuration list for PBXProject "Tracker" */;
			compatibilityVersion = "Xcode 14.0";
			developmentRegion = en;
			hasScannedForEncodings = 0;
			knownRegions = (
				en,
				Base,
				ru,
			);
			mainGroup = 1630D3BE2BE4C00F00A59A82;
			packageReferences = (
				166A82A62C206CE3000B981D /* XCRemoteSwiftPackageReference "swift-snapshot-testing" */,
			);
			productRefGroup = 1630D3C82BE4C00F00A59A82 /* Products */;
			projectDirPath = "";
			projectRoot = "";
			targets = (
				1630D3C62BE4C00F00A59A82 /* Tracker */,
				166A829C2C206C39000B981D /* TrackerTests */,
			);
		};
/* End PBXProject section */

/* Begin PBXResourcesBuildPhase section */
		1630D3C52BE4C00F00A59A82 /* Resources */ = {
			isa = PBXResourcesBuildPhase;
			buildActionMask = 2147483647;
			files = (
				1630D3D42BE4C01300A59A82 /* Assets.xcassets in Resources */,
				167AF6B92C1FBDC4007FEA49 /* Localizable.stringsdict in Resources */,
				167AF6B52C1FA24F007FEA49 /* Localizable.strings in Resources */,
				1630D3D72BE4C01300A59A82 /* Base in Resources */,
			);
			runOnlyForDeploymentPostprocessing = 0;
		};
		166A829B2C206C39000B981D /* Resources */ = {
			isa = PBXResourcesBuildPhase;
			buildActionMask = 2147483647;
			files = (
			);
			runOnlyForDeploymentPostprocessing = 0;
		};
/* End PBXResourcesBuildPhase section */

/* Begin PBXSourcesBuildPhase section */
		1630D3C32BE4C00F00A59A82 /* Sources */ = {
			isa = PBXSourcesBuildPhase;
			buildActionMask = 2147483647;
			files = (
				16AFE7CD2BEBF08A00F4FDFF /* TrackerCategory.swift in Sources */,
				16F659392BEF8E1400DA7164 /* TimetableTableViewCell.swift in Sources */,
				16F659252BEE5F3300DA7164 /* HabitAndEventTableViewHelper.swift in Sources */,
				167C97D62C08D230005266D6 /* EmojiOrColorCollectionViewCell.swift in Sources */,
				167AF6AA2C1C6805007FEA49 /* Binding .swift in Sources */,
				16152B512C138630007E5A29 /* CategoryStore.swift in Sources */,
				16152B5E2C13BBCC007E5A29 /* TrackerStoreManagerDelegate.swift in Sources */,
				16818ABD2BED339B0025D5D4 /* TrackersNavigationControllerDelegate.swift in Sources */,
				167AF6862C1B0701007FEA49 /* PageOfOnboardingViewController.swift in Sources */,
				166EAAEC2BFEA121004FD58B /* UIColor + hex.swift in Sources */,
				16F659282BEE8B1100DA7164 /* TrackerType.swift in Sources */,
				16818AC12BED6CA10025D5D4 /* NewTrackerViewController.swift in Sources */,
				16AFE79A2BE6517700F4FDFF /* TabBarViewController.swift in Sources */,
				16152B572C139914007E5A29 /* NewCategoryStoreManagerDelegate.swift in Sources */,
				16152B4F2C1383B2007E5A29 /* CoreDataManager.swift in Sources */,
				16FF63342C14D1650096A1A8 /* DaysStore.swift in Sources */,
				1630D3CF2BE4C00F00A59A82 /* TrackersViewController.swift in Sources */,
				1630D3CB2BE4C00F00A59A82 /* AppDelegate.swift in Sources */,
				16AFE7CF2BEBF0DC00F4FDFF /* TrackerRecord.swift in Sources */,
				167AF6842C1B060E007FEA49 /* OnboardingPageViewController.swift in Sources */,
				16818ABB2BED27FC0025D5D4 /* TrackersNavigationController.swift in Sources */,
				16152B552C138BDA007E5A29 /* TrackerStore.swift in Sources */,
				16633C732C2643360060BD19 /* HelperTrackersCollectionViewDelegate.swift in Sources */,
				16AFE7CA2BEBEDA200F4FDFF /* Tracker.swift in Sources */,
				16633C6F2C25FE8E0060BD19 /* TrackerColorCellView.swift in Sources */,
				16152B5C2C13BBAB007E5A29 /* TrackerStoreManager.swift in Sources */,
				16F6593D2BEFD53E00DA7164 /* CategoriesViewController.swift in Sources */,
				16633C712C2635C80060BD19 /* DeleteActionSheet.swift in Sources */,
				16AFE79D2BE654D600F4FDFF /* StatisticViewController.swift in Sources */,
				166EAAE62BFD3FA9004FD58B /* GeometricParams.swift in Sources */,
				166EAAEE2BFFC09A004FD58B /* NewTrackerViewControllerDelegate.swift in Sources */,
				695846D22C173A1900D43908 /* DataModel.xcdatamodeld in Sources */,
				166EAAE42BFD2C14004FD58B /* HelperTrackersCollectionView.swift in Sources */,
				1672483D2C15C7A30006726B /* UITabBar + TopBorder.swift in Sources */,
				167C97D12C08CF9E005266D6 /* EmojiAndColorsCollectionView.swift in Sources */,
				162050B92C009A0C00468BED /* TextFieldWithPadding.swift in Sources */,
				16818AB92BED22A90025D5D4 /* StubView.swift in Sources */,
				1651B62F2C151F3500C2493C /* TrackerRecordStore.swift in Sources */,
				167C97D92C0FDAD1005266D6 /* EmojiAndColorsCollectionViewDelegate.swift in Sources */,
				166EAAE02BFCAE8A004FD58B /* EmojiView.swift in Sources */,
				16D2BFE72C2AF0FA0064806A /* FiltersViewController.swift in Sources */,
				16F6592D2BEE9C7400DA7164 /* BasicLargeButton.swift in Sources */,
				166EAADD2BFCABC5004FD58B /* TrackersCollectionViewCell.swift in Sources */,
				16F659302BEEA4E100DA7164 /* HabitAndEventTableViewDelegate.swift in Sources */,
				1630D3CD2BE4C00F00A59A82 /* SceneDelegate.swift in Sources */,
				16AFE7A12BE6559F00F4FDFF /* Resources.swift in Sources */,
				167AF6B12C1C9134007FEA49 /* NewTrackerViewModel.swift in Sources */,
				16F6593B2BEF995A00DA7164 /* DisclosureTableViewCell.swift in Sources */,
				16152B532C13880A007E5A29 /* CategoryStoreManager.swift in Sources */,
				166EAAE92BFD5373004FD58B /* SectionHeaderView.swift in Sources */,
				167AF6AF2C1C8703007FEA49 /* TimetableViewModel.swift in Sources */,
				16818AC32BED798F0025D5D4 /* HabitOrEventViewController.swift in Sources */,
				16F659332BEEAA7900DA7164 /* HabitOrEventViewControllerDelegate.swift in Sources */,
				16F6592B2BEE99CB00DA7164 /* TimetableViewController.swift in Sources */,
				16F659412BF025F500DA7164 /* NewCategoryViewController.swift in Sources */,
				16F659352BEF853A00DA7164 /* Day.swift in Sources */,
				16818AC62BED7D490025D5D4 /* InputFieldTableViewCell.swift in Sources */,
				166A82B02C20753B000B981D /* CategoriesViewModelProtocol.swift in Sources */,
				166EAAF02BFFC304004FD58B /* TrackersCellDelegate.swift in Sources */,
				167AF6AC2C1C68A0007FEA49 /* CategoriesViewModel.swift in Sources */,
				167AF6882C1B173E007FEA49 /* SplashViewController.swift in Sources */,
			);
			runOnlyForDeploymentPostprocessing = 0;
		};
		166A82992C206C39000B981D /* Sources */ = {
			isa = PBXSourcesBuildPhase;
			buildActionMask = 2147483647;
			files = (
				166A82AE2C207454000B981D /* CategoriesViewModelMock.swift in Sources */,
				166A82A02C206C39000B981D /* TrackerTests.swift in Sources */,
			);
			runOnlyForDeploymentPostprocessing = 0;
		};
/* End PBXSourcesBuildPhase section */

/* Begin PBXTargetDependency section */
		166A82A22C206C39000B981D /* PBXTargetDependency */ = {
			isa = PBXTargetDependency;
			target = 1630D3C62BE4C00F00A59A82 /* Tracker */;
			targetProxy = 166A82A12C206C39000B981D /* PBXContainerItemProxy */;
		};
/* End PBXTargetDependency section */

/* Begin PBXVariantGroup section */
		1630D3D52BE4C01300A59A82 /* LaunchScreen.storyboard */ = {
			isa = PBXVariantGroup;
			children = (
				1630D3D62BE4C01300A59A82 /* Base */,
			);
			name = LaunchScreen.storyboard;
			sourceTree = "<group>";
		};
		167AF6B32C1FA24F007FEA49 /* Localizable.strings */ = {
			isa = PBXVariantGroup;
			children = (
				167AF6B42C1FA24F007FEA49 /* en */,
				167AF6BB2C1FBF17007FEA49 /* ru */,
			);
			name = Localizable.strings;
			sourceTree = "<group>";
		};
		167AF6B72C1FBDC4007FEA49 /* Localizable.stringsdict */ = {
			isa = PBXVariantGroup;
			children = (
				167AF6B82C1FBDC4007FEA49 /* en */,
				167AF6BC2C1FBF17007FEA49 /* ru */,
			);
			name = Localizable.stringsdict;
			sourceTree = "<group>";
		};
/* End PBXVariantGroup section */

/* Begin XCBuildConfiguration section */
		1630D3D92BE4C01300A59A82 /* Debug */ = {
			isa = XCBuildConfiguration;
			buildSettings = {
				ALWAYS_SEARCH_USER_PATHS = NO;
				ASSETCATALOG_COMPILER_GENERATE_SWIFT_ASSET_SYMBOL_EXTENSIONS = YES;
				CLANG_ANALYZER_LOCALIZABILITY_NONLOCALIZED = YES;
				CLANG_ANALYZER_NONNULL = YES;
				CLANG_ANALYZER_NUMBER_OBJECT_CONVERSION = YES_AGGRESSIVE;
				CLANG_CXX_LANGUAGE_STANDARD = "gnu++20";
				CLANG_ENABLE_MODULES = YES;
				CLANG_ENABLE_OBJC_ARC = YES;
				CLANG_ENABLE_OBJC_WEAK = YES;
				CLANG_WARN_BLOCK_CAPTURE_AUTORELEASING = YES;
				CLANG_WARN_BOOL_CONVERSION = YES;
				CLANG_WARN_COMMA = YES;
				CLANG_WARN_CONSTANT_CONVERSION = YES;
				CLANG_WARN_DEPRECATED_OBJC_IMPLEMENTATIONS = YES;
				CLANG_WARN_DIRECT_OBJC_ISA_USAGE = YES_ERROR;
				CLANG_WARN_DOCUMENTATION_COMMENTS = YES;
				CLANG_WARN_EMPTY_BODY = YES;
				CLANG_WARN_ENUM_CONVERSION = YES;
				CLANG_WARN_INFINITE_RECURSION = YES;
				CLANG_WARN_INT_CONVERSION = YES;
				CLANG_WARN_NON_LITERAL_NULL_CONVERSION = YES;
				CLANG_WARN_OBJC_IMPLICIT_RETAIN_SELF = YES;
				CLANG_WARN_OBJC_LITERAL_CONVERSION = YES;
				CLANG_WARN_OBJC_ROOT_CLASS = YES_ERROR;
				CLANG_WARN_QUOTED_INCLUDE_IN_FRAMEWORK_HEADER = YES;
				CLANG_WARN_RANGE_LOOP_ANALYSIS = YES;
				CLANG_WARN_STRICT_PROTOTYPES = YES;
				CLANG_WARN_SUSPICIOUS_MOVE = YES;
				CLANG_WARN_UNGUARDED_AVAILABILITY = YES_AGGRESSIVE;
				CLANG_WARN_UNREACHABLE_CODE = YES;
				CLANG_WARN__DUPLICATE_METHOD_MATCH = YES;
				COPY_PHASE_STRIP = NO;
				DEBUG_INFORMATION_FORMAT = dwarf;
				ENABLE_STRICT_OBJC_MSGSEND = YES;
				ENABLE_TESTABILITY = YES;
				ENABLE_USER_SCRIPT_SANDBOXING = YES;
				GCC_C_LANGUAGE_STANDARD = gnu17;
				GCC_DYNAMIC_NO_PIC = NO;
				GCC_NO_COMMON_BLOCKS = YES;
				GCC_OPTIMIZATION_LEVEL = 0;
				GCC_PREPROCESSOR_DEFINITIONS = (
					"DEBUG=1",
					"$(inherited)",
				);
				GCC_WARN_64_TO_32_BIT_CONVERSION = YES;
				GCC_WARN_ABOUT_RETURN_TYPE = YES_ERROR;
				GCC_WARN_UNDECLARED_SELECTOR = YES;
				GCC_WARN_UNINITIALIZED_AUTOS = YES_AGGRESSIVE;
				GCC_WARN_UNUSED_FUNCTION = YES;
				GCC_WARN_UNUSED_VARIABLE = YES;
				IPHONEOS_DEPLOYMENT_TARGET = 13.4;
				LOCALIZATION_PREFERS_STRING_CATALOGS = YES;
				MTL_ENABLE_DEBUG_INFO = INCLUDE_SOURCE;
				MTL_FAST_MATH = YES;
				ONLY_ACTIVE_ARCH = YES;
				SDKROOT = iphoneos;
				SWIFT_ACTIVE_COMPILATION_CONDITIONS = "DEBUG $(inherited)";
				SWIFT_OPTIMIZATION_LEVEL = "-Onone";
			};
			name = Debug;
		};
		1630D3DA2BE4C01300A59A82 /* Release */ = {
			isa = XCBuildConfiguration;
			buildSettings = {
				ALWAYS_SEARCH_USER_PATHS = NO;
				ASSETCATALOG_COMPILER_GENERATE_SWIFT_ASSET_SYMBOL_EXTENSIONS = YES;
				CLANG_ANALYZER_LOCALIZABILITY_NONLOCALIZED = YES;
				CLANG_ANALYZER_NONNULL = YES;
				CLANG_ANALYZER_NUMBER_OBJECT_CONVERSION = YES_AGGRESSIVE;
				CLANG_CXX_LANGUAGE_STANDARD = "gnu++20";
				CLANG_ENABLE_MODULES = YES;
				CLANG_ENABLE_OBJC_ARC = YES;
				CLANG_ENABLE_OBJC_WEAK = YES;
				CLANG_WARN_BLOCK_CAPTURE_AUTORELEASING = YES;
				CLANG_WARN_BOOL_CONVERSION = YES;
				CLANG_WARN_COMMA = YES;
				CLANG_WARN_CONSTANT_CONVERSION = YES;
				CLANG_WARN_DEPRECATED_OBJC_IMPLEMENTATIONS = YES;
				CLANG_WARN_DIRECT_OBJC_ISA_USAGE = YES_ERROR;
				CLANG_WARN_DOCUMENTATION_COMMENTS = YES;
				CLANG_WARN_EMPTY_BODY = YES;
				CLANG_WARN_ENUM_CONVERSION = YES;
				CLANG_WARN_INFINITE_RECURSION = YES;
				CLANG_WARN_INT_CONVERSION = YES;
				CLANG_WARN_NON_LITERAL_NULL_CONVERSION = YES;
				CLANG_WARN_OBJC_IMPLICIT_RETAIN_SELF = YES;
				CLANG_WARN_OBJC_LITERAL_CONVERSION = YES;
				CLANG_WARN_OBJC_ROOT_CLASS = YES_ERROR;
				CLANG_WARN_QUOTED_INCLUDE_IN_FRAMEWORK_HEADER = YES;
				CLANG_WARN_RANGE_LOOP_ANALYSIS = YES;
				CLANG_WARN_STRICT_PROTOTYPES = YES;
				CLANG_WARN_SUSPICIOUS_MOVE = YES;
				CLANG_WARN_UNGUARDED_AVAILABILITY = YES_AGGRESSIVE;
				CLANG_WARN_UNREACHABLE_CODE = YES;
				CLANG_WARN__DUPLICATE_METHOD_MATCH = YES;
				COPY_PHASE_STRIP = NO;
				DEBUG_INFORMATION_FORMAT = "dwarf-with-dsym";
				ENABLE_NS_ASSERTIONS = NO;
				ENABLE_STRICT_OBJC_MSGSEND = YES;
				ENABLE_USER_SCRIPT_SANDBOXING = YES;
				GCC_C_LANGUAGE_STANDARD = gnu17;
				GCC_NO_COMMON_BLOCKS = YES;
				GCC_WARN_64_TO_32_BIT_CONVERSION = YES;
				GCC_WARN_ABOUT_RETURN_TYPE = YES_ERROR;
				GCC_WARN_UNDECLARED_SELECTOR = YES;
				GCC_WARN_UNINITIALIZED_AUTOS = YES_AGGRESSIVE;
				GCC_WARN_UNUSED_FUNCTION = YES;
				GCC_WARN_UNUSED_VARIABLE = YES;
				IPHONEOS_DEPLOYMENT_TARGET = 13.4;
				LOCALIZATION_PREFERS_STRING_CATALOGS = YES;
				MTL_ENABLE_DEBUG_INFO = NO;
				MTL_FAST_MATH = YES;
				SDKROOT = iphoneos;
				SWIFT_COMPILATION_MODE = wholemodule;
				VALIDATE_PRODUCT = YES;
			};
			name = Release;
		};
		1630D3DC2BE4C01300A59A82 /* Debug */ = {
			isa = XCBuildConfiguration;
			buildSettings = {
				ASSETCATALOG_COMPILER_APPICON_NAME = AppIcon;
				ASSETCATALOG_COMPILER_GLOBAL_ACCENT_COLOR_NAME = AccentColor;
				CODE_SIGN_STYLE = Automatic;
				CURRENT_PROJECT_VERSION = 1;
				DEVELOPMENT_TEAM = KD22N7R738;
				GENERATE_INFOPLIST_FILE = YES;
				INFOPLIST_FILE = Tracker/Resources/Info.plist;
				INFOPLIST_KEY_UIApplicationSupportsIndirectInputEvents = YES;
				INFOPLIST_KEY_UILaunchStoryboardName = LaunchScreen.storyboard;
				INFOPLIST_KEY_UISupportedInterfaceOrientations = UIInterfaceOrientationPortrait;
				INFOPLIST_KEY_UISupportedInterfaceOrientations_iPad = "UIInterfaceOrientationLandscapeLeft UIInterfaceOrientationLandscapeRight UIInterfaceOrientationPortrait UIInterfaceOrientationPortraitUpsideDown";
				IPHONEOS_DEPLOYMENT_TARGET = 13.4;
				LD_RUNPATH_SEARCH_PATHS = (
					"$(inherited)",
					"@executable_path/Frameworks",
				);
				MARKETING_VERSION = 1.0;
				PRODUCT_BUNDLE_IDENTIFIER = ru.AlexanderPleshakov.Tracker;
				PRODUCT_NAME = "$(TARGET_NAME)";
				SUPPORTED_PLATFORMS = "iphoneos iphonesimulator";
				SUPPORTS_MACCATALYST = NO;
				SUPPORTS_MAC_DESIGNED_FOR_IPHONE_IPAD = NO;
				SUPPORTS_XR_DESIGNED_FOR_IPHONE_IPAD = NO;
				SWIFT_EMIT_LOC_STRINGS = YES;
				SWIFT_VERSION = 5.0;
				TARGETED_DEVICE_FAMILY = 1;
			};
			name = Debug;
		};
		1630D3DD2BE4C01300A59A82 /* Release */ = {
			isa = XCBuildConfiguration;
			buildSettings = {
				ASSETCATALOG_COMPILER_APPICON_NAME = AppIcon;
				ASSETCATALOG_COMPILER_GLOBAL_ACCENT_COLOR_NAME = AccentColor;
				CODE_SIGN_STYLE = Automatic;
				CURRENT_PROJECT_VERSION = 1;
				DEVELOPMENT_TEAM = KD22N7R738;
				GENERATE_INFOPLIST_FILE = YES;
				INFOPLIST_FILE = Tracker/Resources/Info.plist;
				INFOPLIST_KEY_UIApplicationSupportsIndirectInputEvents = YES;
				INFOPLIST_KEY_UILaunchStoryboardName = LaunchScreen.storyboard;
				INFOPLIST_KEY_UISupportedInterfaceOrientations = UIInterfaceOrientationPortrait;
				INFOPLIST_KEY_UISupportedInterfaceOrientations_iPad = "UIInterfaceOrientationLandscapeLeft UIInterfaceOrientationLandscapeRight UIInterfaceOrientationPortrait UIInterfaceOrientationPortraitUpsideDown";
				IPHONEOS_DEPLOYMENT_TARGET = 13.4;
				LD_RUNPATH_SEARCH_PATHS = (
					"$(inherited)",
					"@executable_path/Frameworks",
				);
				MARKETING_VERSION = 1.0;
				PRODUCT_BUNDLE_IDENTIFIER = ru.AlexanderPleshakov.Tracker;
				PRODUCT_NAME = "$(TARGET_NAME)";
				SUPPORTED_PLATFORMS = "iphoneos iphonesimulator";
				SUPPORTS_MACCATALYST = NO;
				SUPPORTS_MAC_DESIGNED_FOR_IPHONE_IPAD = NO;
				SUPPORTS_XR_DESIGNED_FOR_IPHONE_IPAD = NO;
				SWIFT_EMIT_LOC_STRINGS = YES;
				SWIFT_VERSION = 5.0;
				TARGETED_DEVICE_FAMILY = 1;
			};
			name = Release;
		};
		166A82A32C206C39000B981D /* Debug */ = {
			isa = XCBuildConfiguration;
			buildSettings = {
				BUNDLE_LOADER = "$(TEST_HOST)";
				CODE_SIGN_STYLE = Automatic;
				CURRENT_PROJECT_VERSION = 1;
				DEVELOPMENT_TEAM = KD22N7R738;
				GENERATE_INFOPLIST_FILE = YES;
				IPHONEOS_DEPLOYMENT_TARGET = 17.4;
				MARKETING_VERSION = 1.0;
				PRODUCT_BUNDLE_IDENTIFIER = ru.AlexanderPleshakov.TrackerTests;
				PRODUCT_NAME = "$(TARGET_NAME)";
				SWIFT_EMIT_LOC_STRINGS = NO;
				SWIFT_VERSION = 5.0;
				TARGETED_DEVICE_FAMILY = "1,2";
				TEST_HOST = "$(BUILT_PRODUCTS_DIR)/Tracker.app/$(BUNDLE_EXECUTABLE_FOLDER_PATH)/Tracker";
			};
			name = Debug;
		};
		166A82A42C206C39000B981D /* Release */ = {
			isa = XCBuildConfiguration;
			buildSettings = {
				BUNDLE_LOADER = "$(TEST_HOST)";
				CODE_SIGN_STYLE = Automatic;
				CURRENT_PROJECT_VERSION = 1;
				DEVELOPMENT_TEAM = KD22N7R738;
				GENERATE_INFOPLIST_FILE = YES;
				IPHONEOS_DEPLOYMENT_TARGET = 17.4;
				MARKETING_VERSION = 1.0;
				PRODUCT_BUNDLE_IDENTIFIER = ru.AlexanderPleshakov.TrackerTests;
				PRODUCT_NAME = "$(TARGET_NAME)";
				SWIFT_EMIT_LOC_STRINGS = NO;
				SWIFT_VERSION = 5.0;
				TARGETED_DEVICE_FAMILY = "1,2";
				TEST_HOST = "$(BUILT_PRODUCTS_DIR)/Tracker.app/$(BUNDLE_EXECUTABLE_FOLDER_PATH)/Tracker";
			};
			name = Release;
		};
/* End XCBuildConfiguration section */

/* Begin XCConfigurationList section */
		1630D3C22BE4C00F00A59A82 /* Build configuration list for PBXProject "Tracker" */ = {
			isa = XCConfigurationList;
			buildConfigurations = (
				1630D3D92BE4C01300A59A82 /* Debug */,
				1630D3DA2BE4C01300A59A82 /* Release */,
			);
			defaultConfigurationIsVisible = 0;
			defaultConfigurationName = Release;
		};
		1630D3DB2BE4C01300A59A82 /* Build configuration list for PBXNativeTarget "Tracker" */ = {
			isa = XCConfigurationList;
			buildConfigurations = (
				1630D3DC2BE4C01300A59A82 /* Debug */,
				1630D3DD2BE4C01300A59A82 /* Release */,
			);
			defaultConfigurationIsVisible = 0;
			defaultConfigurationName = Release;
		};
		166A82A52C206C39000B981D /* Build configuration list for PBXNativeTarget "TrackerTests" */ = {
			isa = XCConfigurationList;
			buildConfigurations = (
				166A82A32C206C39000B981D /* Debug */,
				166A82A42C206C39000B981D /* Release */,
			);
			defaultConfigurationIsVisible = 0;
			defaultConfigurationName = Release;
		};
/* End XCConfigurationList section */

/* Begin XCRemoteSwiftPackageReference section */
		166A82A62C206CE3000B981D /* XCRemoteSwiftPackageReference "swift-snapshot-testing" */ = {
			isa = XCRemoteSwiftPackageReference;
			repositoryURL = "https://github.com/pointfreeco/swift-snapshot-testing";
			requirement = {
				kind = upToNextMajorVersion;
				minimumVersion = 1.16.1;
			};
		};
/* End XCRemoteSwiftPackageReference section */

/* Begin XCSwiftPackageProductDependency section */
		166A82A72C206CE3000B981D /* InlineSnapshotTesting */ = {
			isa = XCSwiftPackageProductDependency;
			package = 166A82A62C206CE3000B981D /* XCRemoteSwiftPackageReference "swift-snapshot-testing" */;
			productName = InlineSnapshotTesting;
		};
		166A82A92C206CE3000B981D /* SnapshotTesting */ = {
			isa = XCSwiftPackageProductDependency;
			package = 166A82A62C206CE3000B981D /* XCRemoteSwiftPackageReference "swift-snapshot-testing" */;
			productName = SnapshotTesting;
		};
/* End XCSwiftPackageProductDependency section */

/* Begin XCVersionGroup section */
		695846D02C173A1900D43908 /* DataModel.xcdatamodeld */ = {
			isa = XCVersionGroup;
			children = (
				695846D12C173A1900D43908 /* DataModel.xcdatamodel */,
			);
			currentVersion = 695846D12C173A1900D43908 /* DataModel.xcdatamodel */;
			path = DataModel.xcdatamodeld;
			sourceTree = "<group>";
			versionGroupType = wrapper.xcdatamodel;
		};
/* End XCVersionGroup section */
	};
	rootObject = 1630D3BF2BE4C00F00A59A82 /* Project object */;
}
